{
  "name": "next-all",
  "lockfileVersion": 2,
  "requires": true,
  "packages": {
    "": {
      "dependencies": {
        "@next/font": "^13.0.4",
        "@vercel/og": "^0.0.21",
        "mysql": "^2.18.1",
        "next": "latest",
        "react": "18.2.0",
        "react-dom": "18.2.0",
        "swr": "^1.3.0"
      },
      "devDependencies": {
        "@types/react": "18.0.25"
      }
    },
    "node_modules/@next/env": {
      "version": "13.0.4",
      "resolved": "https://registry.npmjs.org/@next/env/-/env-13.0.4.tgz",
      "integrity": "sha512-N5Z3bdxBzoxrC5bwykDFITzdWuwDteOdZ+7nxixY+I1XpRX8/iQYbw2wuXMdqdfBGm2NNUpAqg8YF2e4oAC2UQ=="
    },
    "node_modules/@next/font": {
      "version": "13.0.4",
      "resolved": "https://registry.npmjs.org/@next/font/-/font-13.0.4.tgz",
      "integrity": "sha512-csZhVqe870p7XE03WfbDLzjVwdBAWxe6/lWGQosfqY/XN5tsmfDLpj442veicfCiiuF7/ydSnAAJxH8PQVBVWQ=="
    },
    "node_modules/@next/swc-android-arm-eabi": {
      "version": "13.0.4",
      "resolved": "https://registry.npmjs.org/@next/swc-android-arm-eabi/-/swc-android-arm-eabi-13.0.4.tgz",
      "integrity": "sha512-SD9H+/zuV3L0oHIhsDdFkDqFtg6pIHtqRUPlsrNdOsmWXgMlSzxBmwt2ta4kyrazS62BQu7XRUG++ZyODS7AWg==",
      "cpu": [
        "arm"
      ],
      "optional": true,
      "os": [
        "android"
      ],
      "engines": {
        "node": ">= 10"
      }
    },
    "node_modules/@next/swc-android-arm64": {
      "version": "13.0.4",
      "resolved": "https://registry.npmjs.org/@next/swc-android-arm64/-/swc-android-arm64-13.0.4.tgz",
      "integrity": "sha512-F8W5WcBbdn/zBoy32/mQiefs9DNsT12CTSSVCsO8GvQR7GjJU+uduQ4drKcSDoDLuAFULc2jDN06Circq4vuQg==",
      "cpu": [
        "arm64"
      ],
      "optional": true,
      "os": [
        "android"
      ],
      "engines": {
        "node": ">= 10"
      }
    },
    "node_modules/@next/swc-darwin-arm64": {
      "version": "13.0.4",
      "resolved": "https://registry.npmjs.org/@next/swc-darwin-arm64/-/swc-darwin-arm64-13.0.4.tgz",
      "integrity": "sha512-/lajev+9GSie+rRTl5z8skW9RJwZ+TwMKLzzM24TbDk8lUjqPTyJZ/cU0NDj8J7VQAZ6EehACSh9rcJeBRtLuA==",
      "cpu": [
        "arm64"
      ],
      "optional": true,
      "os": [
        "darwin"
      ],
      "engines": {
        "node": ">= 10"
      }
    },
    "node_modules/@next/swc-darwin-x64": {
      "version": "13.0.4",
      "resolved": "https://registry.npmjs.org/@next/swc-darwin-x64/-/swc-darwin-x64-13.0.4.tgz",
      "integrity": "sha512-HK4b2rFiju8d40GTL/jH9U6OQ7BYA2MeEHs7Dm7Rp7kwQtLzP3z6osdQS8er20tIFHDE4b+oVBy03ZUQkHf0Pg==",
      "cpu": [
        "x64"
      ],
      "optional": true,
      "os": [
        "darwin"
      ],
      "engines": {
        "node": ">= 10"
      }
    },
    "node_modules/@next/swc-freebsd-x64": {
      "version": "13.0.4",
      "resolved": "https://registry.npmjs.org/@next/swc-freebsd-x64/-/swc-freebsd-x64-13.0.4.tgz",
      "integrity": "sha512-xBvIGLaGzZtgJfRRJ2DBN82DQCJ/O7jkXyBp8X/vHefPWyVXVqF6C68Rv8ADp11thPpf8WpjkvDDLb9AuWHQUA==",
      "cpu": [
        "x64"
      ],
      "optional": true,
      "os": [
        "freebsd"
      ],
      "engines": {
        "node": ">= 10"
      }
    },
    "node_modules/@next/swc-linux-arm-gnueabihf": {
      "version": "13.0.4",
      "resolved": "https://registry.npmjs.org/@next/swc-linux-arm-gnueabihf/-/swc-linux-arm-gnueabihf-13.0.4.tgz",
      "integrity": "sha512-s13pxNp9deKmmxEGTp1MoL1e4nf4wbEymEaHgFxUlhoR1OD9tK8oTNrQphQePJgVjzcWmRGH/dX7O9mVkHbU/g==",
      "cpu": [
        "arm"
      ],
      "optional": true,
      "os": [
        "linux"
      ],
      "engines": {
        "node": ">= 10"
      }
    },
    "node_modules/@next/swc-linux-arm64-gnu": {
      "version": "13.0.4",
      "resolved": "https://registry.npmjs.org/@next/swc-linux-arm64-gnu/-/swc-linux-arm64-gnu-13.0.4.tgz",
      "integrity": "sha512-Lklo65usNzoYwjX51CpDKOepWVZBdwO49/Jz3djxiYUr2lRtpDVnlfwCvzN+47j3BMVMWtC2ndIi8Q4s3J0v4g==",
      "cpu": [
        "arm64"
      ],
      "optional": true,
      "os": [
        "linux"
      ],
      "engines": {
        "node": ">= 10"
      }
    },
    "node_modules/@next/swc-linux-arm64-musl": {
      "version": "13.0.4",
      "resolved": "https://registry.npmjs.org/@next/swc-linux-arm64-musl/-/swc-linux-arm64-musl-13.0.4.tgz",
      "integrity": "sha512-+3BXtXBwjVhd5lahDe5nKZ7EwD6hE/oLFQkITCvgxymU5qYHGlLFyF52/lyw8qhyxoCr7mMVsUFhlCzVwCfNjg==",
      "cpu": [
        "arm64"
      ],
      "optional": true,
      "os": [
        "linux"
      ],
      "engines": {
        "node": ">= 10"
      }
    },
    "node_modules/@next/swc-linux-x64-gnu": {
      "version": "13.0.4",
      "resolved": "https://registry.npmjs.org/@next/swc-linux-x64-gnu/-/swc-linux-x64-gnu-13.0.4.tgz",
      "integrity": "sha512-QB8qoZrvHhZsz62nUrTKlp5IiZ8I7KZsaa6437H/W/NOZHLGJjCxROnhUjLvKVe/T5P86pjya2SUOUqWAjz4Pg==",
      "cpu": [
        "x64"
      ],
      "optional": true,
      "os": [
        "linux"
      ],
      "engines": {
        "node": ">= 10"
      }
    },
    "node_modules/@next/swc-linux-x64-musl": {
      "version": "13.0.4",
      "resolved": "https://registry.npmjs.org/@next/swc-linux-x64-musl/-/swc-linux-x64-musl-13.0.4.tgz",
      "integrity": "sha512-WaahF6DYUQRg1QqIMcuOu2ZsFhS3aC5iWeQyeptMHklP9wb4FfTNmBArKHknX/GXD8P9gI38WTAHJ25cc0zVwg==",
      "cpu": [
        "x64"
      ],
      "optional": true,
      "os": [
        "linux"
      ],
      "engines": {
        "node": ">= 10"
      }
    },
    "node_modules/@next/swc-win32-arm64-msvc": {
      "version": "13.0.4",
      "resolved": "https://registry.npmjs.org/@next/swc-win32-arm64-msvc/-/swc-win32-arm64-msvc-13.0.4.tgz",
      "integrity": "sha512-FD+k1j2jeY0aKcqcpzFKfTsv55PPmIZ5GKDyPjjV5AO6XvQ4nALwWl4JwizjH2426TfLXObb+C3MH0bl9Ok1Kw==",
      "cpu": [
        "arm64"
      ],
      "optional": true,
      "os": [
        "win32"
      ],
      "engines": {
        "node": ">= 10"
      }
    },
    "node_modules/@next/swc-win32-ia32-msvc": {
      "version": "13.0.4",
      "resolved": "https://registry.npmjs.org/@next/swc-win32-ia32-msvc/-/swc-win32-ia32-msvc-13.0.4.tgz",
      "integrity": "sha512-+Q/Q8Ydvz3X3U84CyZdNv1HC7fE43k+xB8C6b3IFmWGa5Tu2tfskQ2FsUNBrYreZjhFC/894J3rVQ6Vj6Auugg==",
      "cpu": [
        "ia32"
      ],
      "optional": true,
      "os": [
        "win32"
      ],
      "engines": {
        "node": ">= 10"
      }
    },
    "node_modules/@next/swc-win32-x64-msvc": {
      "version": "13.0.4",
      "resolved": "https://registry.npmjs.org/@next/swc-win32-x64-msvc/-/swc-win32-x64-msvc-13.0.4.tgz",
      "integrity": "sha512-vXtbo9N1FdtZZRcv4BliU28tTYrkb1EnVpUiiFFe88I6kS9aZVTMY9Z/OtDR52rl1JF1hgs9sL/59D/TQqSATQ==",
      "cpu": [
        "x64"
      ],
      "optional": true,
      "os": [
        "win32"
      ],
      "engines": {
        "node": ">= 10"
      }
    },
    "node_modules/@resvg/resvg-wasm": {
      "version": "2.0.0-alpha.4",
      "resolved": "https://registry.npmjs.org/@resvg/resvg-wasm/-/resvg-wasm-2.0.0-alpha.4.tgz",
      "integrity": "sha512-pWIG9a/x1ky8gXKRhPH1OPKpHFoMN1ISLbJ+O+gPXQHIAKhNd5I28RlWf7q576hAOQA9JZTlo3p/M2uyLzJmmw==",
      "engines": {
        "node": ">= 10"
      }
    },
    "node_modules/@shuding/opentype.js": {
      "version": "1.4.0-beta.0",
      "resolved": "https://registry.npmjs.org/@shuding/opentype.js/-/opentype.js-1.4.0-beta.0.tgz",
      "integrity": "sha512-3NgmNyH3l/Hv6EvsWJbsvpcpUba6R8IREQ83nH83cyakCw7uM1arZKNfHwv1Wz6jgqrF/j4x5ELvR6PnK9nTcA==",
      "dependencies": {
        "fflate": "^0.7.3",
        "string.prototype.codepointat": "^0.2.1"
      },
      "bin": {
        "ot": "bin/ot"
      },
      "engines": {
        "node": ">= 8.0.0"
      }
    },
    "node_modules/@swc/helpers": {
      "version": "0.4.11",
      "resolved": "https://registry.npmjs.org/@swc/helpers/-/helpers-0.4.11.tgz",
      "integrity": "sha512-rEUrBSGIoSFuYxwBYtlUFMlE2CwGhmW+w9355/5oduSw8e5h2+Tj4UrAGNNgP9915++wj5vkQo0UuOBqOAq4nw==",
      "dependencies": {
        "tslib": "^2.4.0"
      }
    },
    "node_modules/@types/prop-types": {
      "version": "15.7.5",
      "resolved": "https://registry.npmjs.org/@types/prop-types/-/prop-types-15.7.5.tgz",
      "integrity": "sha512-JCB8C6SnDoQf0cNycqd/35A7MjcnK+ZTqE7judS6o7utxUCg6imJg3QK2qzHKszlTjcj2cn+NwMB2i96ubpj7w==",
      "dev": true
    },
    "node_modules/@types/react": {
      "version": "18.0.25",
      "resolved": "https://registry.npmjs.org/@types/react/-/react-18.0.25.tgz",
      "integrity": "sha512-xD6c0KDT4m7n9uD4ZHi02lzskaiqcBxf4zi+tXZY98a04wvc0hi/TcCPC2FOESZi51Nd7tlUeOJY8RofL799/g==",
      "dev": true,
      "dependencies": {
        "@types/prop-types": "*",
        "@types/scheduler": "*",
        "csstype": "^3.0.2"
      }
    },
    "node_modules/@types/scheduler": {
      "version": "0.16.2",
      "resolved": "https://registry.npmjs.org/@types/scheduler/-/scheduler-0.16.2.tgz",
      "integrity": "sha512-hppQEBDmlwhFAXKJX2KnWLYu5yMfi91yazPb2l+lbJiwW+wdo1gNeRA+3RgNSO39WYX2euey41KEwnqesU2Jew==",
      "dev": true
    },
    "node_modules/@types/yoga-layout": {
      "version": "1.9.2",
      "resolved": "https://registry.npmjs.org/@types/yoga-layout/-/yoga-layout-1.9.2.tgz",
      "integrity": "sha512-S9q47ByT2pPvD65IvrWp7qppVMpk9WGMbVq9wbWZOHg6tnXSD4vyhao6nOSBwwfDdV2p3Kx9evA9vI+XWTfDvw=="
    },
    "node_modules/@vercel/og": {
      "version": "0.0.21",
      "resolved": "https://registry.npmjs.org/@vercel/og/-/og-0.0.21.tgz",
      "integrity": "sha512-WgMahG5c8UM7xtn/mT+ljUpDMSDnSlu8AXL52JtTwxb1odrd0GWqZg2N1X38wulPj+sCccNpDdFmmAuw0GLc+Q==",
      "dependencies": {
        "@resvg/resvg-wasm": "2.0.0-alpha.4",
        "satori": "0.0.44",
        "yoga-wasm-web": "0.1.2"
      },
      "engines": {
        "node": ">=16"
      }
    },
    "node_modules/bignumber.js": {
      "version": "9.0.0",
      "resolved": "https://registry.npmjs.org/bignumber.js/-/bignumber.js-9.0.0.tgz",
      "integrity": "sha512-t/OYhhJ2SD+YGBQcjY8GzzDHEk9f3nerxjtfa6tlMXfe7frs/WozhvCNoGvpM0P3bNf3Gq5ZRMlGr5f3r4/N8A==",
      "engines": {
        "node": "*"
      }
    },
    "node_modules/camelize": {
      "version": "1.0.1",
      "resolved": "https://registry.npmjs.org/camelize/-/camelize-1.0.1.tgz",
      "integrity": "sha512-dU+Tx2fsypxTgtLoE36npi3UqcjSSMNYfkqgmoEhtZrraP5VWq0K7FkWVTYa8eMPtnU/G2txVsfdCJTn9uzpuQ==",
      "funding": {
        "url": "https://github.com/sponsors/ljharb"
      }
    },
    "node_modules/caniuse-lite": {
      "version": "1.0.30001434",
      "resolved": "https://registry.npmjs.org/caniuse-lite/-/caniuse-lite-1.0.30001434.tgz",
      "integrity": "sha512-aOBHrLmTQw//WFa2rcF1If9fa3ypkC1wzqqiKHgfdrXTWcU8C4gKVZT77eQAPWN1APys3+uQ0Df07rKauXGEYA==",
      "funding": [
        {
          "type": "opencollective",
          "url": "https://opencollective.com/browserslist"
        },
        {
          "type": "tidelift",
          "url": "https://tidelift.com/funding/github/npm/caniuse-lite"
        }
      ]
    },
    "node_modules/client-only": {
      "version": "0.0.1",
      "resolved": "https://registry.npmjs.org/client-only/-/client-only-0.0.1.tgz",
      "integrity": "sha512-IV3Ou0jSMzZrd3pZ48nLkT9DA7Ag1pnPzaiQhpW7c3RbcqqzvzzVu+L8gfqMp/8IM2MQtSiqaCxrrcfu8I8rMA=="
    },
    "node_modules/core-util-is": {
      "version": "1.0.3",
      "resolved": "https://registry.npmjs.org/core-util-is/-/core-util-is-1.0.3.tgz",
      "integrity": "sha512-ZQBvi1DcpJ4GDqanjucZ2Hj3wEO5pZDS89BWbkcrvdxksJorwUDDZamX9ldFkp9aw2lmBDLgkObEA4DWNJ9FYQ=="
    },
    "node_modules/css-background-parser": {
      "version": "0.1.0",
      "resolved": "https://registry.npmjs.org/css-background-parser/-/css-background-parser-0.1.0.tgz",
      "integrity": "sha512-2EZLisiZQ+7m4wwur/qiYJRniHX4K5Tc9w93MT3AS0WS1u5kaZ4FKXlOTBhOjc+CgEgPiGY+fX1yWD8UwpEqUA=="
    },
    "node_modules/css-box-shadow": {
      "version": "1.0.0-3",
      "resolved": "https://registry.npmjs.org/css-box-shadow/-/css-box-shadow-1.0.0-3.tgz",
      "integrity": "sha512-9jaqR6e7Ohds+aWwmhe6wILJ99xYQbfmK9QQB9CcMjDbTxPZjwEmUQpU91OG05Xgm8BahT5fW+svbsQGjS/zPg=="
    },
    "node_modules/css-color-keywords": {
      "version": "1.0.0",
      "resolved": "https://registry.npmjs.org/css-color-keywords/-/css-color-keywords-1.0.0.tgz",
      "integrity": "sha512-FyyrDHZKEjXDpNJYvVsV960FiqQyXc/LlYmsxl2BcdMb2WPx0OGRVgTg55rPSyLSNMqP52R9r8geSp7apN3Ofg==",
      "engines": {
        "node": ">=4"
      }
    },
    "node_modules/css-to-react-native": {
      "version": "3.0.0",
      "resolved": "https://registry.npmjs.org/css-to-react-native/-/css-to-react-native-3.0.0.tgz",
      "integrity": "sha512-Ro1yETZA813eoyUp2GDBhG2j+YggidUmzO1/v9eYBKR2EHVEniE2MI/NqpTQ954BMpTPZFsGNPm46qFB9dpaPQ==",
      "dependencies": {
        "camelize": "^1.0.0",
        "css-color-keywords": "^1.0.0",
        "postcss-value-parser": "^4.0.2"
      }
    },
    "node_modules/csstype": {
      "version": "3.1.1",
      "resolved": "https://registry.npmjs.org/csstype/-/csstype-3.1.1.tgz",
      "integrity": "sha512-DJR/VvkAvSZW9bTouZue2sSxDwdTN92uHjqeKVm+0dAqdfNykRzQ95tay8aXMBAAPpUiq4Qcug2L7neoRh2Egw==",
      "dev": true
    },
    "node_modules/emoji-regex": {
      "version": "10.2.1",
      "resolved": "https://registry.npmjs.org/emoji-regex/-/emoji-regex-10.2.1.tgz",
      "integrity": "sha512-97g6QgOk8zlDRdgq1WxwgTMgEWGVAQvB5Fdpgc1MkNy56la5SKP9GsMXKDOdqwn90/41a8yPwIGk1Y6WVbeMQA=="
    },
    "node_modules/fflate": {
      "version": "0.7.4",
      "resolved": "https://registry.npmjs.org/fflate/-/fflate-0.7.4.tgz",
      "integrity": "sha512-5u2V/CDW15QM1XbbgS+0DfPxVB+jUKhWEKuuFuHncbk3tEEqzmoXL+2KyOFuKGqOnmdIy0/davWF1CkuwtibCw=="
    },
    "node_modules/inherits": {
      "version": "2.0.4",
      "resolved": "https://registry.npmjs.org/inherits/-/inherits-2.0.4.tgz",
      "integrity": "sha512-k/vGaX4/Yla3WzyMCvTQOXYeIHvqOKtnqBduzTHpzpQZzAskKMhZ2K+EnBiSM9zGSoIFeMpXKxa4dYeZIQqewQ=="
    },
    "node_modules/isarray": {
      "version": "1.0.0",
      "resolved": "https://registry.npmjs.org/isarray/-/isarray-1.0.0.tgz",
      "integrity": "sha512-VLghIWNM6ELQzo7zwmcg0NmTVyWKYjvIeM83yjp0wRDTmUnrM678fQbcKBo6n2CJEF0szoG//ytg+TKla89ALQ=="
    },
    "node_modules/js-tokens": {
      "version": "4.0.0",
      "resolved": "https://registry.npmjs.org/js-tokens/-/js-tokens-4.0.0.tgz",
      "integrity": "sha512-RdJUflcE3cUzKiMqQgsCu06FPu9UdIJO0beYbPhHN4k6apgJtifcoCtT9bcxOpYBtpD2kCM6Sbzg4CausW/PKQ=="
    },
    "node_modules/loose-envify": {
      "version": "1.4.0",
      "resolved": "https://registry.npmjs.org/loose-envify/-/loose-envify-1.4.0.tgz",
      "integrity": "sha512-lyuxPGr/Wfhrlem2CL/UcnUc1zcqKAImBDzukY7Y5F/yQiNdko6+fRLevlw1HgMySw7f611UIY408EtxRSoK3Q==",
      "dependencies": {
        "js-tokens": "^3.0.0 || ^4.0.0"
      },
      "bin": {
        "loose-envify": "cli.js"
      }
    },
    "node_modules/mysql": {
      "version": "2.18.1",
      "resolved": "https://registry.npmjs.org/mysql/-/mysql-2.18.1.tgz",
      "integrity": "sha512-Bca+gk2YWmqp2Uf6k5NFEurwY/0td0cpebAucFpY/3jhrwrVGuxU2uQFCHjU19SJfje0yQvi+rVWdq78hR5lig==",
      "dependencies": {
        "bignumber.js": "9.0.0",
        "readable-stream": "2.3.7",
        "safe-buffer": "5.1.2",
        "sqlstring": "2.3.1"
      },
      "engines": {
        "node": ">= 0.6"
      }
    },
    "node_modules/nanoid": {
      "version": "3.3.4",
      "resolved": "https://registry.npmjs.org/nanoid/-/nanoid-3.3.4.tgz",
      "integrity": "sha512-MqBkQh/OHTS2egovRtLk45wEyNXwF+cokD+1YPf9u5VfJiRdAiRwB2froX5Co9Rh20xs4siNPm8naNotSD6RBw==",
      "bin": {
        "nanoid": "bin/nanoid.cjs"
      },
      "engines": {
        "node": "^10 || ^12 || ^13.7 || ^14 || >=15.0.1"
      }
    },
    "node_modules/next": {
      "version": "13.0.4",
      "resolved": "https://registry.npmjs.org/next/-/next-13.0.4.tgz",
      "integrity": "sha512-4P0MvbjPCI1E/UPL1GrTXtYlgFnbBbY3JQ+AMY8jYE2SwyvCWctEJySoRjveznAHjrl6TIjuAJeB8u1c2StYUQ==",
      "dependencies": {
        "@next/env": "13.0.4",
        "@swc/helpers": "0.4.11",
        "caniuse-lite": "^1.0.30001406",
        "postcss": "8.4.14",
        "styled-jsx": "5.1.0",
        "use-sync-external-store": "1.2.0"
      },
      "bin": {
        "next": "dist/bin/next"
      },
      "engines": {
        "node": ">=14.6.0"
      },
      "optionalDependencies": {
        "@next/swc-android-arm-eabi": "13.0.4",
        "@next/swc-android-arm64": "13.0.4",
        "@next/swc-darwin-arm64": "13.0.4",
        "@next/swc-darwin-x64": "13.0.4",
        "@next/swc-freebsd-x64": "13.0.4",
        "@next/swc-linux-arm-gnueabihf": "13.0.4",
        "@next/swc-linux-arm64-gnu": "13.0.4",
        "@next/swc-linux-arm64-musl": "13.0.4",
        "@next/swc-linux-x64-gnu": "13.0.4",
        "@next/swc-linux-x64-musl": "13.0.4",
        "@next/swc-win32-arm64-msvc": "13.0.4",
        "@next/swc-win32-ia32-msvc": "13.0.4",
        "@next/swc-win32-x64-msvc": "13.0.4"
      },
      "peerDependencies": {
        "fibers": ">= 3.1.0",
        "node-sass": "^6.0.0 || ^7.0.0",
        "react": "^18.2.0",
        "react-dom": "^18.2.0",
        "sass": "^1.3.0"
      },
      "peerDependenciesMeta": {
        "fibers": {
          "optional": true
        },
        "node-sass": {
          "optional": true
        },
        "sass": {
          "optional": true
        }
      }
    },
    "node_modules/picocolors": {
      "version": "1.0.0",
      "resolved": "https://registry.npmjs.org/picocolors/-/picocolors-1.0.0.tgz",
      "integrity": "sha512-1fygroTLlHu66zi26VoTDv8yRgm0Fccecssto+MhsZ0D/DGW2sm8E8AjW7NU5VVTRt5GxbeZ5qBuJr+HyLYkjQ=="
    },
    "node_modules/postcss": {
      "version": "8.4.14",
      "resolved": "https://registry.npmjs.org/postcss/-/postcss-8.4.14.tgz",
      "integrity": "sha512-E398TUmfAYFPBSdzgeieK2Y1+1cpdxJx8yXbK/m57nRhKSmk1GB2tO4lbLBtlkfPQTDKfe4Xqv1ASWPpayPEig==",
      "funding": [
        {
          "type": "opencollective",
          "url": "https://opencollective.com/postcss/"
        },
        {
          "type": "tidelift",
          "url": "https://tidelift.com/funding/github/npm/postcss"
        }
      ],
      "dependencies": {
        "nanoid": "^3.3.4",
        "picocolors": "^1.0.0",
        "source-map-js": "^1.0.2"
      },
      "engines": {
        "node": "^10 || ^12 || >=14"
      }
    },
    "node_modules/postcss-value-parser": {
      "version": "4.2.0",
      "resolved": "https://registry.npmjs.org/postcss-value-parser/-/postcss-value-parser-4.2.0.tgz",
      "integrity": "sha512-1NNCs6uurfkVbeXG4S8JFT9t19m45ICnif8zWLd5oPSZ50QnwMfK+H3jv408d4jw/7Bttv5axS5IiHoLaVNHeQ=="
    },
    "node_modules/process-nextick-args": {
      "version": "2.0.1",
      "resolved": "https://registry.npmjs.org/process-nextick-args/-/process-nextick-args-2.0.1.tgz",
      "integrity": "sha512-3ouUOpQhtgrbOa17J7+uxOTpITYWaGP7/AhoR3+A+/1e9skrzelGi/dXzEYyvbxubEF6Wn2ypscTKiKJFFn1ag=="
    },
    "node_modules/react": {
      "version": "18.2.0",
      "resolved": "https://registry.npmjs.org/react/-/react-18.2.0.tgz",
      "integrity": "sha512-/3IjMdb2L9QbBdWiW5e3P2/npwMBaU9mHCSCUzNln0ZCYbcfTsGbTJrU/kGemdH2IWmB2ioZ+zkxtmq6g09fGQ==",
      "dependencies": {
        "loose-envify": "^1.1.0"
      },
      "engines": {
        "node": ">=0.10.0"
      }
    },
    "node_modules/react-dom": {
      "version": "18.2.0",
      "resolved": "https://registry.npmjs.org/react-dom/-/react-dom-18.2.0.tgz",
      "integrity": "sha512-6IMTriUmvsjHUjNtEDudZfuDQUoWXVxKHhlEGSk81n4YFS+r/Kl99wXiwlVXtPBtJenozv2P+hxDsw9eA7Xo6g==",
      "dependencies": {
        "loose-envify": "^1.1.0",
        "scheduler": "^0.23.0"
      },
      "peerDependencies": {
        "react": "^18.2.0"
      }
    },
    "node_modules/readable-stream": {
      "version": "2.3.7",
      "resolved": "https://registry.npmjs.org/readable-stream/-/readable-stream-2.3.7.tgz",
      "integrity": "sha512-Ebho8K4jIbHAxnuxi7o42OrZgF/ZTNcsZj6nRKyUmkhLFq8CHItp/fy6hQZuZmP/n3yZ9VBUbp4zz/mX8hmYPw==",
      "dependencies": {
        "core-util-is": "~1.0.0",
        "inherits": "~2.0.3",
        "isarray": "~1.0.0",
        "process-nextick-args": "~2.0.0",
        "safe-buffer": "~5.1.1",
        "string_decoder": "~1.1.1",
        "util-deprecate": "~1.0.1"
      }
    },
    "node_modules/safe-buffer": {
      "version": "5.1.2",
      "resolved": "https://registry.npmjs.org/safe-buffer/-/safe-buffer-5.1.2.tgz",
      "integrity": "sha512-Gd2UZBJDkXlY7GbJxfsE8/nvKkUEU1G38c1siN6QP6a9PT9MmHB8GnpscSmMJSoF8LOIrt8ud/wPtojys4G6+g=="
    },
    "node_modules/satori": {
      "version": "0.0.44",
      "resolved": "https://registry.npmjs.org/satori/-/satori-0.0.44.tgz",
      "integrity": "sha512-WKUxXC2qeyno6J3ucwwLozPL6j1HXOZiN5wIUf7iqAhlx1RUC/6ePIKHi7iPc3Cy6DYuZcJriZXxXkSdo2FQHg==",
      "dependencies": {
        "@shuding/opentype.js": "1.4.0-beta.0",
        "css-background-parser": "^0.1.0",
        "css-box-shadow": "1.0.0-3",
        "css-to-react-native": "^3.0.0",
        "emoji-regex": "^10.2.1",
        "postcss-value-parser": "^4.2.0",
        "yoga-layout-prebuilt": "^1.10.0"
      },
      "engines": {
        "node": ">=16"
      }
    },
    "node_modules/scheduler": {
      "version": "0.23.0",
      "resolved": "https://registry.npmjs.org/scheduler/-/scheduler-0.23.0.tgz",
      "integrity": "sha512-CtuThmgHNg7zIZWAXi3AsyIzA3n4xx7aNyjwC2VJldO2LMVDhFK+63xGqq6CsJH4rTAt6/M+N4GhZiDYPx9eUw==",
      "dependencies": {
        "loose-envify": "^1.1.0"
      }
    },
    "node_modules/source-map-js": {
      "version": "1.0.2",
      "resolved": "https://registry.npmjs.org/source-map-js/-/source-map-js-1.0.2.tgz",
      "integrity": "sha512-R0XvVJ9WusLiqTCEiGCmICCMplcCkIwwR11mOSD9CR5u+IXYdiseeEuXCVAjS54zqwkLcPNnmU4OeJ6tUrWhDw==",
      "engines": {
        "node": ">=0.10.0"
      }
    },
    "node_modules/sqlstring": {
      "version": "2.3.1",
      "resolved": "https://registry.npmjs.org/sqlstring/-/sqlstring-2.3.1.tgz",
      "integrity": "sha512-ooAzh/7dxIG5+uDik1z/Rd1vli0+38izZhGzSa34FwR7IbelPWCCKSNIl8jlL/F7ERvy8CB2jNeM1E9i9mXMAQ==",
      "engines": {
        "node": ">= 0.6"
      }
    },
    "node_modules/string_decoder": {
      "version": "1.1.1",
      "resolved": "https://registry.npmjs.org/string_decoder/-/string_decoder-1.1.1.tgz",
      "integrity": "sha512-n/ShnvDi6FHbbVfviro+WojiFzv+s8MPMHBczVePfUpDJLwoLT0ht1l4YwBCbi8pJAveEEdnkHyPyTP/mzRfwg==",
      "dependencies": {
        "safe-buffer": "~5.1.0"
      }
    },
    "node_modules/string.prototype.codepointat": {
      "version": "0.2.1",
      "resolved": "https://registry.npmjs.org/string.prototype.codepointat/-/string.prototype.codepointat-0.2.1.tgz",
      "integrity": "sha512-2cBVCj6I4IOvEnjgO/hWqXjqBGsY+zwPmHl12Srk9IXSZ56Jwwmy+66XO5Iut/oQVR7t5ihYdLB0GMa4alEUcg=="
    },
    "node_modules/styled-jsx": {
      "version": "5.1.0",
      "resolved": "https://registry.npmjs.org/styled-jsx/-/styled-jsx-5.1.0.tgz",
      "integrity": "sha512-/iHaRJt9U7T+5tp6TRelLnqBqiaIT0HsO0+vgyj8hK2KUk7aejFqRrumqPUlAqDwAj8IbS/1hk3IhBAAK/FCUQ==",
      "dependencies": {
        "client-only": "0.0.1"
      },
      "engines": {
        "node": ">= 12.0.0"
      },
      "peerDependencies": {
        "react": ">= 16.8.0 || 17.x.x || ^18.0.0-0"
      },
      "peerDependenciesMeta": {
        "@babel/core": {
          "optional": true
        },
        "babel-plugin-macros": {
          "optional": true
        }
      }
    },
    "node_modules/swr": {
      "version": "1.3.0",
      "resolved": "https://registry.npmjs.org/swr/-/swr-1.3.0.tgz",
      "integrity": "sha512-dkghQrOl2ORX9HYrMDtPa7LTVHJjCTeZoB1dqTbnnEDlSvN8JEKpYIYurDfvbQFUUS8Cg8PceFVZNkW0KNNYPw==",
      "peerDependencies": {
        "react": "^16.11.0 || ^17.0.0 || ^18.0.0"
      }
    },
    "node_modules/tslib": {
      "version": "2.4.1",
      "resolved": "https://registry.npmjs.org/tslib/-/tslib-2.4.1.tgz",
      "integrity": "sha512-tGyy4dAjRIEwI7BzsB0lynWgOpfqjUdq91XXAlIWD2OwKBH7oCl/GZG/HT4BOHrTlPMOASlMQ7veyTqpmRcrNA=="
    },
    "node_modules/use-sync-external-store": {
      "version": "1.2.0",
      "resolved": "https://registry.npmjs.org/use-sync-external-store/-/use-sync-external-store-1.2.0.tgz",
      "integrity": "sha512-eEgnFxGQ1Ife9bzYs6VLi8/4X6CObHMw9Qr9tPY43iKwsPw8xE8+EFsf/2cFZ5S3esXgpWgtSCtLNS41F+sKPA==",
      "peerDependencies": {
        "react": "^16.8.0 || ^17.0.0 || ^18.0.0"
      }
    },
    "node_modules/util-deprecate": {
      "version": "1.0.2",
      "resolved": "https://registry.npmjs.org/util-deprecate/-/util-deprecate-1.0.2.tgz",
      "integrity": "sha512-EPD5q1uXyFxJpCrLnCc1nHnq3gOa6DZBocAIiI2TaSCA7VCJ1UJDMagCzIkXNsUYfD1daK//LTEQ8xiIbrHtcw=="
    },
    "node_modules/yoga-layout-prebuilt": {
      "version": "1.10.0",
      "resolved": "https://registry.npmjs.org/yoga-layout-prebuilt/-/yoga-layout-prebuilt-1.10.0.tgz",
      "integrity": "sha512-YnOmtSbv4MTf7RGJMK0FvZ+KD8OEe/J5BNnR0GHhD8J/XcG/Qvxgszm0Un6FTHWW4uHlTgP0IztiXQnGyIR45g==",
      "dependencies": {
        "@types/yoga-layout": "1.9.2"
      },
      "engines": {
        "node": ">=8"
      }
    },
    "node_modules/yoga-wasm-web": {
      "version": "0.1.2",
      "resolved": "https://registry.npmjs.org/yoga-wasm-web/-/yoga-wasm-web-0.1.2.tgz",
      "integrity": "sha512-8SkgawHcA0RUbMrnhxbaQkZDBi8rMed8pQHixkFF9w32zGhAwZ9/cOHWlpYfr6RCx42Yp3siV45/jPEkJxsk6w=="
    }
  },
  "dependencies": {
    "@next/env": {
      "version": "13.0.4",
      "resolved": "https://registry.npmjs.org/@next/env/-/env-13.0.4.tgz",
      "integrity": "sha512-N5Z3bdxBzoxrC5bwykDFITzdWuwDteOdZ+7nxixY+I1XpRX8/iQYbw2wuXMdqdfBGm2NNUpAqg8YF2e4oAC2UQ=="
    },
    "@next/font": {
      "version": "13.0.4",
      "resolved": "https://registry.npmjs.org/@next/font/-/font-13.0.4.tgz",
      "integrity": "sha512-csZhVqe870p7XE03WfbDLzjVwdBAWxe6/lWGQosfqY/XN5tsmfDLpj442veicfCiiuF7/ydSnAAJxH8PQVBVWQ=="
    },
    "@next/swc-android-arm-eabi": {
      "version": "13.0.4",
      "resolved": "https://registry.npmjs.org/@next/swc-android-arm-eabi/-/swc-android-arm-eabi-13.0.4.tgz",
      "integrity": "sha512-SD9H+/zuV3L0oHIhsDdFkDqFtg6pIHtqRUPlsrNdOsmWXgMlSzxBmwt2ta4kyrazS62BQu7XRUG++ZyODS7AWg==",
      "optional": true
    },
    "@next/swc-android-arm64": {
      "version": "13.0.4",
      "resolved": "https://registry.npmjs.org/@next/swc-android-arm64/-/swc-android-arm64-13.0.4.tgz",
      "integrity": "sha512-F8W5WcBbdn/zBoy32/mQiefs9DNsT12CTSSVCsO8GvQR7GjJU+uduQ4drKcSDoDLuAFULc2jDN06Circq4vuQg==",
      "optional": true
    },
    "@next/swc-darwin-arm64": {
      "version": "13.0.4",
      "resolved": "https://registry.npmjs.org/@next/swc-darwin-arm64/-/swc-darwin-arm64-13.0.4.tgz",
      "integrity": "sha512-/lajev+9GSie+rRTl5z8skW9RJwZ+TwMKLzzM24TbDk8lUjqPTyJZ/cU0NDj8J7VQAZ6EehACSh9rcJeBRtLuA==",
      "optional": true
    },
    "@next/swc-darwin-x64": {
      "version": "13.0.4",
      "resolved": "https://registry.npmjs.org/@next/swc-darwin-x64/-/swc-darwin-x64-13.0.4.tgz",
      "integrity": "sha512-HK4b2rFiju8d40GTL/jH9U6OQ7BYA2MeEHs7Dm7Rp7kwQtLzP3z6osdQS8er20tIFHDE4b+oVBy03ZUQkHf0Pg==",
      "optional": true
    },
    "@next/swc-freebsd-x64": {
      "version": "13.0.4",
      "resolved": "https://registry.npmjs.org/@next/swc-freebsd-x64/-/swc-freebsd-x64-13.0.4.tgz",
      "integrity": "sha512-xBvIGLaGzZtgJfRRJ2DBN82DQCJ/O7jkXyBp8X/vHefPWyVXVqF6C68Rv8ADp11thPpf8WpjkvDDLb9AuWHQUA==",
      "optional": true
    },
    "@next/swc-linux-arm-gnueabihf": {
      "version": "13.0.4",
      "resolved": "https://registry.npmjs.org/@next/swc-linux-arm-gnueabihf/-/swc-linux-arm-gnueabihf-13.0.4.tgz",
      "integrity": "sha512-s13pxNp9deKmmxEGTp1MoL1e4nf4wbEymEaHgFxUlhoR1OD9tK8oTNrQphQePJgVjzcWmRGH/dX7O9mVkHbU/g==",
      "optional": true
    },
    "@next/swc-linux-arm64-gnu": {
      "version": "13.0.4",
      "resolved": "https://registry.npmjs.org/@next/swc-linux-arm64-gnu/-/swc-linux-arm64-gnu-13.0.4.tgz",
      "integrity": "sha512-Lklo65usNzoYwjX51CpDKOepWVZBdwO49/Jz3djxiYUr2lRtpDVnlfwCvzN+47j3BMVMWtC2ndIi8Q4s3J0v4g==",
      "optional": true
    },
    "@next/swc-linux-arm64-musl": {
      "version": "13.0.4",
      "resolved": "https://registry.npmjs.org/@next/swc-linux-arm64-musl/-/swc-linux-arm64-musl-13.0.4.tgz",
      "integrity": "sha512-+3BXtXBwjVhd5lahDe5nKZ7EwD6hE/oLFQkITCvgxymU5qYHGlLFyF52/lyw8qhyxoCr7mMVsUFhlCzVwCfNjg==",
      "optional": true
    },
    "@next/swc-linux-x64-gnu": {
      "version": "13.0.4",
      "resolved": "https://registry.npmjs.org/@next/swc-linux-x64-gnu/-/swc-linux-x64-gnu-13.0.4.tgz",
      "integrity": "sha512-QB8qoZrvHhZsz62nUrTKlp5IiZ8I7KZsaa6437H/W/NOZHLGJjCxROnhUjLvKVe/T5P86pjya2SUOUqWAjz4Pg==",
      "optional": true
    },
    "@next/swc-linux-x64-musl": {
      "version": "13.0.4",
      "resolved": "https://registry.npmjs.org/@next/swc-linux-x64-musl/-/swc-linux-x64-musl-13.0.4.tgz",
      "integrity": "sha512-WaahF6DYUQRg1QqIMcuOu2ZsFhS3aC5iWeQyeptMHklP9wb4FfTNmBArKHknX/GXD8P9gI38WTAHJ25cc0zVwg==",
      "optional": true
    },
    "@next/swc-win32-arm64-msvc": {
      "version": "13.0.4",
      "resolved": "https://registry.npmjs.org/@next/swc-win32-arm64-msvc/-/swc-win32-arm64-msvc-13.0.4.tgz",
      "integrity": "sha512-FD+k1j2jeY0aKcqcpzFKfTsv55PPmIZ5GKDyPjjV5AO6XvQ4nALwWl4JwizjH2426TfLXObb+C3MH0bl9Ok1Kw==",
      "optional": true
    },
    "@next/swc-win32-ia32-msvc": {
      "version": "13.0.4",
      "resolved": "https://registry.npmjs.org/@next/swc-win32-ia32-msvc/-/swc-win32-ia32-msvc-13.0.4.tgz",
      "integrity": "sha512-+Q/Q8Ydvz3X3U84CyZdNv1HC7fE43k+xB8C6b3IFmWGa5Tu2tfskQ2FsUNBrYreZjhFC/894J3rVQ6Vj6Auugg==",
      "optional": true
    },
    "@next/swc-win32-x64-msvc": {
      "version": "13.0.4",
      "resolved": "https://registry.npmjs.org/@next/swc-win32-x64-msvc/-/swc-win32-x64-msvc-13.0.4.tgz",
      "integrity": "sha512-vXtbo9N1FdtZZRcv4BliU28tTYrkb1EnVpUiiFFe88I6kS9aZVTMY9Z/OtDR52rl1JF1hgs9sL/59D/TQqSATQ==",
      "optional": true
    },
    "@resvg/resvg-wasm": {
      "version": "2.0.0-alpha.4",
      "resolved": "https://registry.npmjs.org/@resvg/resvg-wasm/-/resvg-wasm-2.0.0-alpha.4.tgz",
      "integrity": "sha512-pWIG9a/x1ky8gXKRhPH1OPKpHFoMN1ISLbJ+O+gPXQHIAKhNd5I28RlWf7q576hAOQA9JZTlo3p/M2uyLzJmmw=="
    },
    "@shuding/opentype.js": {
      "version": "1.4.0-beta.0",
      "resolved": "https://registry.npmjs.org/@shuding/opentype.js/-/opentype.js-1.4.0-beta.0.tgz",
      "integrity": "sha512-3NgmNyH3l/Hv6EvsWJbsvpcpUba6R8IREQ83nH83cyakCw7uM1arZKNfHwv1Wz6jgqrF/j4x5ELvR6PnK9nTcA==",
      "requires": {
        "fflate": "^0.7.3",
        "string.prototype.codepointat": "^0.2.1"
      }
    },
    "@swc/helpers": {
      "version": "0.4.11",
      "resolved": "https://registry.npmjs.org/@swc/helpers/-/helpers-0.4.11.tgz",
      "integrity": "sha512-rEUrBSGIoSFuYxwBYtlUFMlE2CwGhmW+w9355/5oduSw8e5h2+Tj4UrAGNNgP9915++wj5vkQo0UuOBqOAq4nw==",
      "requires": {
        "tslib": "^2.4.0"
      }
    },
    "@types/prop-types": {
      "version": "15.7.5",
      "resolved": "https://registry.npmjs.org/@types/prop-types/-/prop-types-15.7.5.tgz",
      "integrity": "sha512-JCB8C6SnDoQf0cNycqd/35A7MjcnK+ZTqE7judS6o7utxUCg6imJg3QK2qzHKszlTjcj2cn+NwMB2i96ubpj7w==",
      "dev": true
    },
    "@types/react": {
      "version": "18.0.25",
      "resolved": "https://registry.npmjs.org/@types/react/-/react-18.0.25.tgz",
      "integrity": "sha512-xD6c0KDT4m7n9uD4ZHi02lzskaiqcBxf4zi+tXZY98a04wvc0hi/TcCPC2FOESZi51Nd7tlUeOJY8RofL799/g==",
      "dev": true,
      "requires": {
        "@types/prop-types": "*",
        "@types/scheduler": "*",
        "csstype": "^3.0.2"
      }
    },
    "@types/scheduler": {
      "version": "0.16.2",
      "resolved": "https://registry.npmjs.org/@types/scheduler/-/scheduler-0.16.2.tgz",
      "integrity": "sha512-hppQEBDmlwhFAXKJX2KnWLYu5yMfi91yazPb2l+lbJiwW+wdo1gNeRA+3RgNSO39WYX2euey41KEwnqesU2Jew==",
      "dev": true
    },
    "@types/yoga-layout": {
      "version": "1.9.2",
      "resolved": "https://registry.npmjs.org/@types/yoga-layout/-/yoga-layout-1.9.2.tgz",
      "integrity": "sha512-S9q47ByT2pPvD65IvrWp7qppVMpk9WGMbVq9wbWZOHg6tnXSD4vyhao6nOSBwwfDdV2p3Kx9evA9vI+XWTfDvw=="
    },
    "@vercel/og": {
      "version": "0.0.21",
      "resolved": "https://registry.npmjs.org/@vercel/og/-/og-0.0.21.tgz",
      "integrity": "sha512-WgMahG5c8UM7xtn/mT+ljUpDMSDnSlu8AXL52JtTwxb1odrd0GWqZg2N1X38wulPj+sCccNpDdFmmAuw0GLc+Q==",
      "requires": {
        "@resvg/resvg-wasm": "2.0.0-alpha.4",
        "satori": "0.0.44",
        "yoga-wasm-web": "0.1.2"
      }
    },
    "bignumber.js": {
      "version": "9.0.0",
      "resolved": "https://registry.npmjs.org/bignumber.js/-/bignumber.js-9.0.0.tgz",
      "integrity": "sha512-t/OYhhJ2SD+YGBQcjY8GzzDHEk9f3nerxjtfa6tlMXfe7frs/WozhvCNoGvpM0P3bNf3Gq5ZRMlGr5f3r4/N8A=="
    },
    "camelize": {
      "version": "1.0.1",
      "resolved": "https://registry.npmjs.org/camelize/-/camelize-1.0.1.tgz",
      "integrity": "sha512-dU+Tx2fsypxTgtLoE36npi3UqcjSSMNYfkqgmoEhtZrraP5VWq0K7FkWVTYa8eMPtnU/G2txVsfdCJTn9uzpuQ=="
    },
    "caniuse-lite": {
      "version": "1.0.30001434",
      "resolved": "https://registry.npmjs.org/caniuse-lite/-/caniuse-lite-1.0.30001434.tgz",
      "integrity": "sha512-aOBHrLmTQw//WFa2rcF1If9fa3ypkC1wzqqiKHgfdrXTWcU8C4gKVZT77eQAPWN1APys3+uQ0Df07rKauXGEYA=="
    },
    "client-only": {
      "version": "0.0.1",
      "resolved": "https://registry.npmjs.org/client-only/-/client-only-0.0.1.tgz",
      "integrity": "sha512-IV3Ou0jSMzZrd3pZ48nLkT9DA7Ag1pnPzaiQhpW7c3RbcqqzvzzVu+L8gfqMp/8IM2MQtSiqaCxrrcfu8I8rMA=="
    },
    "core-util-is": {
      "version": "1.0.3",
      "resolved": "https://registry.npmjs.org/core-util-is/-/core-util-is-1.0.3.tgz",
      "integrity": "sha512-ZQBvi1DcpJ4GDqanjucZ2Hj3wEO5pZDS89BWbkcrvdxksJorwUDDZamX9ldFkp9aw2lmBDLgkObEA4DWNJ9FYQ=="
    },
    "css-background-parser": {
      "version": "0.1.0",
      "resolved": "https://registry.npmjs.org/css-background-parser/-/css-background-parser-0.1.0.tgz",
      "integrity": "sha512-2EZLisiZQ+7m4wwur/qiYJRniHX4K5Tc9w93MT3AS0WS1u5kaZ4FKXlOTBhOjc+CgEgPiGY+fX1yWD8UwpEqUA=="
    },
    "css-box-shadow": {
      "version": "1.0.0-3",
      "resolved": "https://registry.npmjs.org/css-box-shadow/-/css-box-shadow-1.0.0-3.tgz",
      "integrity": "sha512-9jaqR6e7Ohds+aWwmhe6wILJ99xYQbfmK9QQB9CcMjDbTxPZjwEmUQpU91OG05Xgm8BahT5fW+svbsQGjS/zPg=="
    },
    "css-color-keywords": {
      "version": "1.0.0",
      "resolved": "https://registry.npmjs.org/css-color-keywords/-/css-color-keywords-1.0.0.tgz",
      "integrity": "sha512-FyyrDHZKEjXDpNJYvVsV960FiqQyXc/LlYmsxl2BcdMb2WPx0OGRVgTg55rPSyLSNMqP52R9r8geSp7apN3Ofg=="
    },
    "css-to-react-native": {
      "version": "3.0.0",
      "resolved": "https://registry.npmjs.org/css-to-react-native/-/css-to-react-native-3.0.0.tgz",
      "integrity": "sha512-Ro1yETZA813eoyUp2GDBhG2j+YggidUmzO1/v9eYBKR2EHVEniE2MI/NqpTQ954BMpTPZFsGNPm46qFB9dpaPQ==",
      "requires": {
        "camelize": "^1.0.0",
        "css-color-keywords": "^1.0.0",
        "postcss-value-parser": "^4.0.2"
      }
    },
    "csstype": {
      "version": "3.1.1",
      "resolved": "https://registry.npmjs.org/csstype/-/csstype-3.1.1.tgz",
      "integrity": "sha512-DJR/VvkAvSZW9bTouZue2sSxDwdTN92uHjqeKVm+0dAqdfNykRzQ95tay8aXMBAAPpUiq4Qcug2L7neoRh2Egw==",
      "dev": true
    },
    "emoji-regex": {
      "version": "10.2.1",
      "resolved": "https://registry.npmjs.org/emoji-regex/-/emoji-regex-10.2.1.tgz",
      "integrity": "sha512-97g6QgOk8zlDRdgq1WxwgTMgEWGVAQvB5Fdpgc1MkNy56la5SKP9GsMXKDOdqwn90/41a8yPwIGk1Y6WVbeMQA=="
    },
    "fflate": {
      "version": "0.7.4",
      "resolved": "https://registry.npmjs.org/fflate/-/fflate-0.7.4.tgz",
      "integrity": "sha512-5u2V/CDW15QM1XbbgS+0DfPxVB+jUKhWEKuuFuHncbk3tEEqzmoXL+2KyOFuKGqOnmdIy0/davWF1CkuwtibCw=="
    },
    "inherits": {
      "version": "2.0.4",
      "resolved": "https://registry.npmjs.org/inherits/-/inherits-2.0.4.tgz",
      "integrity": "sha512-k/vGaX4/Yla3WzyMCvTQOXYeIHvqOKtnqBduzTHpzpQZzAskKMhZ2K+EnBiSM9zGSoIFeMpXKxa4dYeZIQqewQ=="
    },
    "isarray": {
      "version": "1.0.0",
      "resolved": "https://registry.npmjs.org/isarray/-/isarray-1.0.0.tgz",
      "integrity": "sha512-VLghIWNM6ELQzo7zwmcg0NmTVyWKYjvIeM83yjp0wRDTmUnrM678fQbcKBo6n2CJEF0szoG//ytg+TKla89ALQ=="
    },
    "js-tokens": {
      "version": "4.0.0",
      "resolved": "https://registry.npmjs.org/js-tokens/-/js-tokens-4.0.0.tgz",
      "integrity": "sha512-RdJUflcE3cUzKiMqQgsCu06FPu9UdIJO0beYbPhHN4k6apgJtifcoCtT9bcxOpYBtpD2kCM6Sbzg4CausW/PKQ=="
    },
    "loose-envify": {
      "version": "1.4.0",
      "resolved": "https://registry.npmjs.org/loose-envify/-/loose-envify-1.4.0.tgz",
      "integrity": "sha512-lyuxPGr/Wfhrlem2CL/UcnUc1zcqKAImBDzukY7Y5F/yQiNdko6+fRLevlw1HgMySw7f611UIY408EtxRSoK3Q==",
      "requires": {
        "js-tokens": "^3.0.0 || ^4.0.0"
      }
    },
    "mysql": {
      "version": "2.18.1",
      "resolved": "https://registry.npmjs.org/mysql/-/mysql-2.18.1.tgz",
      "integrity": "sha512-Bca+gk2YWmqp2Uf6k5NFEurwY/0td0cpebAucFpY/3jhrwrVGuxU2uQFCHjU19SJfje0yQvi+rVWdq78hR5lig==",
      "requires": {
        "bignumber.js": "9.0.0",
        "readable-stream": "2.3.7",
        "safe-buffer": "5.1.2",
        "sqlstring": "2.3.1"
      }
    },
    "nanoid": {
      "version": "3.3.4",
      "resolved": "https://registry.npmjs.org/nanoid/-/nanoid-3.3.4.tgz",
      "integrity": "sha512-MqBkQh/OHTS2egovRtLk45wEyNXwF+cokD+1YPf9u5VfJiRdAiRwB2froX5Co9Rh20xs4siNPm8naNotSD6RBw=="
    },
    "next": {
      "version": "13.0.4",
      "resolved": "https://registry.npmjs.org/next/-/next-13.0.4.tgz",
      "integrity": "sha512-4P0MvbjPCI1E/UPL1GrTXtYlgFnbBbY3JQ+AMY8jYE2SwyvCWctEJySoRjveznAHjrl6TIjuAJeB8u1c2StYUQ==",
      "requires": {
        "@next/env": "13.0.4",
        "@next/swc-android-arm-eabi": "13.0.4",
        "@next/swc-android-arm64": "13.0.4",
        "@next/swc-darwin-arm64": "13.0.4",
        "@next/swc-darwin-x64": "13.0.4",
        "@next/swc-freebsd-x64": "13.0.4",
        "@next/swc-linux-arm-gnueabihf": "13.0.4",
        "@next/swc-linux-arm64-gnu": "13.0.4",
        "@next/swc-linux-arm64-musl": "13.0.4",
        "@next/swc-linux-x64-gnu": "13.0.4",
        "@next/swc-linux-x64-musl": "13.0.4",
        "@next/swc-win32-arm64-msvc": "13.0.4",
        "@next/swc-win32-ia32-msvc": "13.0.4",
        "@next/swc-win32-x64-msvc": "13.0.4",
        "@swc/helpers": "0.4.11",
        "caniuse-lite": "^1.0.30001406",
        "postcss": "8.4.14",
        "styled-jsx": "5.1.0",
        "use-sync-external-store": "1.2.0"
      }
    },
    "picocolors": {
      "version": "1.0.0",
      "resolved": "https://registry.npmjs.org/picocolors/-/picocolors-1.0.0.tgz",
      "integrity": "sha512-1fygroTLlHu66zi26VoTDv8yRgm0Fccecssto+MhsZ0D/DGW2sm8E8AjW7NU5VVTRt5GxbeZ5qBuJr+HyLYkjQ=="
    },
    "postcss": {
      "version": "8.4.14",
      "resolved": "https://registry.npmjs.org/postcss/-/postcss-8.4.14.tgz",
      "integrity": "sha512-E398TUmfAYFPBSdzgeieK2Y1+1cpdxJx8yXbK/m57nRhKSmk1GB2tO4lbLBtlkfPQTDKfe4Xqv1ASWPpayPEig==",
      "requires": {
        "nanoid": "^3.3.4",
        "picocolors": "^1.0.0",
        "source-map-js": "^1.0.2"
      }
    },
    "postcss-value-parser": {
      "version": "4.2.0",
      "resolved": "https://registry.npmjs.org/postcss-value-parser/-/postcss-value-parser-4.2.0.tgz",
      "integrity": "sha512-1NNCs6uurfkVbeXG4S8JFT9t19m45ICnif8zWLd5oPSZ50QnwMfK+H3jv408d4jw/7Bttv5axS5IiHoLaVNHeQ=="
    },
    "process-nextick-args": {
      "version": "2.0.1",
      "resolved": "https://registry.npmjs.org/process-nextick-args/-/process-nextick-args-2.0.1.tgz",
      "integrity": "sha512-3ouUOpQhtgrbOa17J7+uxOTpITYWaGP7/AhoR3+A+/1e9skrzelGi/dXzEYyvbxubEF6Wn2ypscTKiKJFFn1ag=="
    },
    "react": {
      "version": "18.2.0",
      "resolved": "https://registry.npmjs.org/react/-/react-18.2.0.tgz",
      "integrity": "sha512-/3IjMdb2L9QbBdWiW5e3P2/npwMBaU9mHCSCUzNln0ZCYbcfTsGbTJrU/kGemdH2IWmB2ioZ+zkxtmq6g09fGQ==",
      "requires": {
        "loose-envify": "^1.1.0"
      }
    },
    "react-dom": {
      "version": "18.2.0",
      "resolved": "https://registry.npmjs.org/react-dom/-/react-dom-18.2.0.tgz",
      "integrity": "sha512-6IMTriUmvsjHUjNtEDudZfuDQUoWXVxKHhlEGSk81n4YFS+r/Kl99wXiwlVXtPBtJenozv2P+hxDsw9eA7Xo6g==",
      "requires": {
        "loose-envify": "^1.1.0",
        "scheduler": "^0.23.0"
      }
    },
    "readable-stream": {
      "version": "2.3.7",
      "resolved": "https://registry.npmjs.org/readable-stream/-/readable-stream-2.3.7.tgz",
      "integrity": "sha512-Ebho8K4jIbHAxnuxi7o42OrZgF/ZTNcsZj6nRKyUmkhLFq8CHItp/fy6hQZuZmP/n3yZ9VBUbp4zz/mX8hmYPw==",
      "requires": {
        "core-util-is": "~1.0.0",
        "inherits": "~2.0.3",
        "isarray": "~1.0.0",
        "process-nextick-args": "~2.0.0",
        "safe-buffer": "~5.1.1",
        "string_decoder": "~1.1.1",
        "util-deprecate": "~1.0.1"
      }
    },
    "safe-buffer": {
      "version": "5.1.2",
      "resolved": "https://registry.npmjs.org/safe-buffer/-/safe-buffer-5.1.2.tgz",
      "integrity": "sha512-Gd2UZBJDkXlY7GbJxfsE8/nvKkUEU1G38c1siN6QP6a9PT9MmHB8GnpscSmMJSoF8LOIrt8ud/wPtojys4G6+g=="
    },
    "satori": {
      "version": "0.0.44",
      "resolved": "https://registry.npmjs.org/satori/-/satori-0.0.44.tgz",
      "integrity": "sha512-WKUxXC2qeyno6J3ucwwLozPL6j1HXOZiN5wIUf7iqAhlx1RUC/6ePIKHi7iPc3Cy6DYuZcJriZXxXkSdo2FQHg==",
      "requires": {
        "@shuding/opentype.js": "1.4.0-beta.0",
        "css-background-parser": "^0.1.0",
        "css-box-shadow": "1.0.0-3",
        "css-to-react-native": "^3.0.0",
        "emoji-regex": "^10.2.1",
        "postcss-value-parser": "^4.2.0",
        "yoga-layout-prebuilt": "^1.10.0"
      }
    },
    "scheduler": {
      "version": "0.23.0",
      "resolved": "https://registry.npmjs.org/scheduler/-/scheduler-0.23.0.tgz",
      "integrity": "sha512-CtuThmgHNg7zIZWAXi3AsyIzA3n4xx7aNyjwC2VJldO2LMVDhFK+63xGqq6CsJH4rTAt6/M+N4GhZiDYPx9eUw==",
      "requires": {
        "loose-envify": "^1.1.0"
      }
    },
    "source-map-js": {
      "version": "1.0.2",
      "resolved": "https://registry.npmjs.org/source-map-js/-/source-map-js-1.0.2.tgz",
      "integrity": "sha512-R0XvVJ9WusLiqTCEiGCmICCMplcCkIwwR11mOSD9CR5u+IXYdiseeEuXCVAjS54zqwkLcPNnmU4OeJ6tUrWhDw=="
    },
    "sqlstring": {
      "version": "2.3.1",
      "resolved": "https://registry.npmjs.org/sqlstring/-/sqlstring-2.3.1.tgz",
      "integrity": "sha512-ooAzh/7dxIG5+uDik1z/Rd1vli0+38izZhGzSa34FwR7IbelPWCCKSNIl8jlL/F7ERvy8CB2jNeM1E9i9mXMAQ=="
    },
    "string_decoder": {
      "version": "1.1.1",
      "resolved": "https://registry.npmjs.org/string_decoder/-/string_decoder-1.1.1.tgz",
      "integrity": "sha512-n/ShnvDi6FHbbVfviro+WojiFzv+s8MPMHBczVePfUpDJLwoLT0ht1l4YwBCbi8pJAveEEdnkHyPyTP/mzRfwg==",
      "requires": {
        "safe-buffer": "~5.1.0"
      }
    },
    "string.prototype.codepointat": {
      "version": "0.2.1",
      "resolved": "https://registry.npmjs.org/string.prototype.codepointat/-/string.prototype.codepointat-0.2.1.tgz",
      "integrity": "sha512-2cBVCj6I4IOvEnjgO/hWqXjqBGsY+zwPmHl12Srk9IXSZ56Jwwmy+66XO5Iut/oQVR7t5ihYdLB0GMa4alEUcg=="
    },
    "styled-jsx": {
      "version": "5.1.0",
      "resolved": "https://registry.npmjs.org/styled-jsx/-/styled-jsx-5.1.0.tgz",
      "integrity": "sha512-/iHaRJt9U7T+5tp6TRelLnqBqiaIT0HsO0+vgyj8hK2KUk7aejFqRrumqPUlAqDwAj8IbS/1hk3IhBAAK/FCUQ==",
      "requires": {
        "client-only": "0.0.1"
      }
    },
    "swr": {
      "version": "1.3.0",
      "resolved": "https://registry.npmjs.org/swr/-/swr-1.3.0.tgz",
      "integrity": "sha512-dkghQrOl2ORX9HYrMDtPa7LTVHJjCTeZoB1dqTbnnEDlSvN8JEKpYIYurDfvbQFUUS8Cg8PceFVZNkW0KNNYPw==",
      "requires": {}
    },
    "tslib": {
      "version": "2.4.1",
      "resolved": "https://registry.npmjs.org/tslib/-/tslib-2.4.1.tgz",
      "integrity": "sha512-tGyy4dAjRIEwI7BzsB0lynWgOpfqjUdq91XXAlIWD2OwKBH7oCl/GZG/HT4BOHrTlPMOASlMQ7veyTqpmRcrNA=="
    },
    "use-sync-external-store": {
      "version": "1.2.0",
      "resolved": "https://registry.npmjs.org/use-sync-external-store/-/use-sync-external-store-1.2.0.tgz",
      "integrity": "sha512-eEgnFxGQ1Ife9bzYs6VLi8/4X6CObHMw9Qr9tPY43iKwsPw8xE8+EFsf/2cFZ5S3esXgpWgtSCtLNS41F+sKPA==",
      "requires": {}
    },
    "util-deprecate": {
      "version": "1.0.2",
      "resolved": "https://registry.npmjs.org/util-deprecate/-/util-deprecate-1.0.2.tgz",
      "integrity": "sha512-EPD5q1uXyFxJpCrLnCc1nHnq3gOa6DZBocAIiI2TaSCA7VCJ1UJDMagCzIkXNsUYfD1daK//LTEQ8xiIbrHtcw=="
    },
    "yoga-layout-prebuilt": {
      "version": "1.10.0",
      "resolved": "https://registry.npmjs.org/yoga-layout-prebuilt/-/yoga-layout-prebuilt-1.10.0.tgz",
      "integrity": "sha512-YnOmtSbv4MTf7RGJMK0FvZ+KD8OEe/J5BNnR0GHhD8J/XcG/Qvxgszm0Un6FTHWW4uHlTgP0IztiXQnGyIR45g==",
      "requires": {
        "@types/yoga-layout": "1.9.2"
      }
    },
    "yoga-wasm-web": {
      "version": "0.1.2",
      "resolved": "https://registry.npmjs.org/yoga-wasm-web/-/yoga-wasm-web-0.1.2.tgz",
      "integrity": "sha512-8SkgawHcA0RUbMrnhxbaQkZDBi8rMed8pQHixkFF9w32zGhAwZ9/cOHWlpYfr6RCx42Yp3siV45/jPEkJxsk6w=="
    }
  }
}
