{
  "name": "editor-app",
  "version": "1.0.0",
  "lockfileVersion": 2,
  "requires": true,
  "packages": {
    "": {
      "name": "editor-app",
      "version": "1.0.0",
      "dependencies": {
        "@codemirror/autocomplete": "^0.19.15",
        "@codemirror/basic-setup": "^0.19.3",
        "@codemirror/commands": "^0.19.8",
        "@codemirror/lang-javascript": "^0.19.7",
        "@codemirror/language": "^0.19.10",
        "@codemirror/lint": "^0.19.6",
        "@codemirror/search": "^0.19.10",
        "@codemirror/state": "^0.19.9",
        "@codemirror/stream-parser": "^0.19.2",
        "@codemirror/view": "^0.19.48",
        "diff": "^5.0.0",
        "node-fetch": "^3.1.0",
        "story-component": "file:../story-component"
      }
    },
    "../story-component": {
      "version": "0.1.0"
    },
    "node_modules/@codemirror/autocomplete": {
      "version": "0.19.15",
      "resolved": "https://registry.npmjs.org/@codemirror/autocomplete/-/autocomplete-0.19.15.tgz",
      "integrity": "sha512-GQWzvvuXxNUyaEk+5gawbAD8s51/v2Chb++nx0e2eGWrphWk42isBtzOMdc3DxrxrZtPZ55q2ldNp+6G8KJLIQ==",
      "dependencies": {
        "@codemirror/language": "^0.19.0",
        "@codemirror/state": "^0.19.4",
        "@codemirror/text": "^0.19.2",
        "@codemirror/tooltip": "^0.19.12",
        "@codemirror/view": "^0.19.0",
        "@lezer/common": "^0.15.0"
      }
    },
    "node_modules/@codemirror/basic-setup": {
      "version": "0.19.3",
      "resolved": "https://registry.npmjs.org/@codemirror/basic-setup/-/basic-setup-0.19.3.tgz",
      "integrity": "sha512-2hfO+QDk/HTpQzeYk1NyL1G9D5L7Sj78dtaQP8xBU42DKU9+OBPF5MdjLYnxP0jKzm6IfQfsLd89fnqW3rBVfQ==",
      "dependencies": {
        "@codemirror/autocomplete": "^0.19.0",
        "@codemirror/closebrackets": "^0.19.0",
        "@codemirror/commands": "^0.19.0",
        "@codemirror/comment": "^0.19.0",
        "@codemirror/fold": "^0.19.0",
        "@codemirror/gutter": "^0.19.0",
        "@codemirror/highlight": "^0.19.0",
        "@codemirror/history": "^0.19.0",
        "@codemirror/language": "^0.19.0",
        "@codemirror/lint": "^0.19.0",
        "@codemirror/matchbrackets": "^0.19.0",
        "@codemirror/rectangular-selection": "^0.19.2",
        "@codemirror/search": "^0.19.0",
        "@codemirror/state": "^0.19.0",
        "@codemirror/view": "^0.19.31"
      }
    },
    "node_modules/@codemirror/closebrackets": {
      "version": "0.19.2",
      "resolved": "https://registry.npmjs.org/@codemirror/closebrackets/-/closebrackets-0.19.2.tgz",
      "integrity": "sha512-ClMPzPcPP0eQiDcVjtVPl6OLxgdtZSYDazsvT0AKl70V1OJva0eHgl4/6kCW3RZ0pb2n34i9nJz4eXCmK+TYDA==",
      "dependencies": {
        "@codemirror/language": "^0.19.0",
        "@codemirror/rangeset": "^0.19.0",
        "@codemirror/state": "^0.19.2",
        "@codemirror/text": "^0.19.0",
        "@codemirror/view": "^0.19.44"
      }
    },
    "node_modules/@codemirror/commands": {
      "version": "0.19.8",
      "resolved": "https://registry.npmjs.org/@codemirror/commands/-/commands-0.19.8.tgz",
      "integrity": "sha512-65LIMSGUGGpY3oH6mzV46YWRrgao6NmfJ+AuC7jNz3K5NPnH6GCV1H5I6SwOFyVbkiygGyd0EFwrWqywTBD1aw==",
      "dependencies": {
        "@codemirror/language": "^0.19.0",
        "@codemirror/matchbrackets": "^0.19.0",
        "@codemirror/state": "^0.19.2",
        "@codemirror/text": "^0.19.6",
        "@codemirror/view": "^0.19.22",
        "@lezer/common": "^0.15.0"
      }
    },
    "node_modules/@codemirror/comment": {
      "version": "0.19.1",
      "resolved": "https://registry.npmjs.org/@codemirror/comment/-/comment-0.19.1.tgz",
      "integrity": "sha512-uGKteBuVWAC6fW+Yt8u27DOnXMT/xV4Ekk2Z5mRsiADCZDqYvryrJd6PLL5+8t64BVyocwQwNfz1UswYS2CtFQ==",
      "dependencies": {
        "@codemirror/state": "^0.19.9",
        "@codemirror/text": "^0.19.0",
        "@codemirror/view": "^0.19.0"
      }
    },
    "node_modules/@codemirror/fold": {
      "version": "0.19.4",
      "resolved": "https://registry.npmjs.org/@codemirror/fold/-/fold-0.19.4.tgz",
      "integrity": "sha512-0SNSkRSOa6gymD6GauHa3sxiysjPhUC0SRVyTlvL52o0gz9GHdc8kNqNQskm3fBtGGOiSriGwF/kAsajRiGhVw==",
      "dependencies": {
        "@codemirror/gutter": "^0.19.0",
        "@codemirror/language": "^0.19.0",
        "@codemirror/rangeset": "^0.19.0",
        "@codemirror/state": "^0.19.0",
        "@codemirror/view": "^0.19.22"
      }
    },
    "node_modules/@codemirror/gutter": {
      "version": "0.19.9",
      "resolved": "https://registry.npmjs.org/@codemirror/gutter/-/gutter-0.19.9.tgz",
      "integrity": "sha512-PFrtmilahin1g6uL27aG5tM/rqR9DZzZYZsIrCXA5Uc2OFTFqx4owuhoU9hqfYxHp5ovfvBwQ+txFzqS4vog6Q==",
      "dependencies": {
        "@codemirror/rangeset": "^0.19.0",
        "@codemirror/state": "^0.19.0",
        "@codemirror/view": "^0.19.23"
      }
    },
    "node_modules/@codemirror/highlight": {
      "version": "0.19.8",
      "resolved": "https://registry.npmjs.org/@codemirror/highlight/-/highlight-0.19.8.tgz",
      "integrity": "sha512-v/lzuHjrYR8MN2mEJcUD6fHSTXXli9C1XGYpr+ElV6fLBIUhMTNKR3qThp611xuWfXfwDxeL7ppcbkM/MzPV3A==",
      "dependencies": {
        "@codemirror/language": "^0.19.0",
        "@codemirror/rangeset": "^0.19.0",
        "@codemirror/state": "^0.19.3",
        "@codemirror/view": "^0.19.39",
        "@lezer/common": "^0.15.0",
        "style-mod": "^4.0.0"
      }
    },
    "node_modules/@codemirror/history": {
      "version": "0.19.2",
      "resolved": "https://registry.npmjs.org/@codemirror/history/-/history-0.19.2.tgz",
      "integrity": "sha512-unhP4t3N2smzmHoo/Yio6ueWi+il8gm9VKrvi6wlcdGH5fOfVDNkmjHQ495SiR+EdOG35+3iNebSPYww0vN7ow==",
      "dependencies": {
        "@codemirror/state": "^0.19.2",
        "@codemirror/view": "^0.19.0"
      }
    },
    "node_modules/@codemirror/lang-javascript": {
      "version": "0.19.7",
      "resolved": "https://registry.npmjs.org/@codemirror/lang-javascript/-/lang-javascript-0.19.7.tgz",
      "integrity": "sha512-DL9f3JLqOEHH9cIwEqqjnP5bkjdVXeECksLtV+/MbPm+l4H+AG+PkwZaJQ2oR1GfPZKh8MVSIE94aGWNkJP8WQ==",
      "dependencies": {
        "@codemirror/autocomplete": "^0.19.0",
        "@codemirror/highlight": "^0.19.7",
        "@codemirror/language": "^0.19.0",
        "@codemirror/lint": "^0.19.0",
        "@codemirror/state": "^0.19.0",
        "@codemirror/view": "^0.19.0",
        "@lezer/javascript": "^0.15.1"
      }
    },
    "node_modules/@codemirror/language": {
      "version": "0.19.10",
      "resolved": "https://registry.npmjs.org/@codemirror/language/-/language-0.19.10.tgz",
      "integrity": "sha512-yA0DZ3RYn2CqAAGW62VrU8c4YxscMQn45y/I9sjBlqB1e2OTQLg4CCkMBuMSLXk4xaqjlsgazeOQWaJQOKfV8Q==",
      "dependencies": {
        "@codemirror/state": "^0.19.0",
        "@codemirror/text": "^0.19.0",
        "@codemirror/view": "^0.19.0",
        "@lezer/common": "^0.15.5",
        "@lezer/lr": "^0.15.0"
      }
    },
    "node_modules/@codemirror/lint": {
      "version": "0.19.6",
      "resolved": "https://registry.npmjs.org/@codemirror/lint/-/lint-0.19.6.tgz",
      "integrity": "sha512-Pbw1Y5kHVs2J+itQ0uez3dI4qY9ApYVap7eNfV81x1/3/BXgBkKfadaw0gqJ4h4FDG7OnJwb0VbPsjJQllHjaA==",
      "dependencies": {
        "@codemirror/gutter": "^0.19.4",
        "@codemirror/panel": "^0.19.0",
        "@codemirror/rangeset": "^0.19.1",
        "@codemirror/state": "^0.19.4",
        "@codemirror/tooltip": "^0.19.16",
        "@codemirror/view": "^0.19.22",
        "crelt": "^1.0.5"
      }
    },
    "node_modules/@codemirror/matchbrackets": {
      "version": "0.19.4",
      "resolved": "https://registry.npmjs.org/@codemirror/matchbrackets/-/matchbrackets-0.19.4.tgz",
      "integrity": "sha512-VFkaOKPNudAA5sGP1zikRHCEKU0hjYmkKpr04pybUpQvfTvNJXlReCyP0rvH/1iEwAGPL990ZTT+QrLdu4MeEA==",
      "dependencies": {
        "@codemirror/language": "^0.19.0",
        "@codemirror/state": "^0.19.0",
        "@codemirror/view": "^0.19.0",
        "@lezer/common": "^0.15.0"
      }
    },
    "node_modules/@codemirror/panel": {
      "version": "0.19.1",
      "resolved": "https://registry.npmjs.org/@codemirror/panel/-/panel-0.19.1.tgz",
      "integrity": "sha512-sYeOCMA3KRYxZYJYn5PNlt9yNsjy3zTNTrbYSfVgjgL9QomIVgOJWPO5hZ2sTN8lufO6lw0vTBsIPL9MSidmBg==",
      "dependencies": {
        "@codemirror/state": "^0.19.0",
        "@codemirror/view": "^0.19.0"
      }
    },
    "node_modules/@codemirror/rangeset": {
      "version": "0.19.9",
      "resolved": "https://registry.npmjs.org/@codemirror/rangeset/-/rangeset-0.19.9.tgz",
      "integrity": "sha512-V8YUuOvK+ew87Xem+71nKcqu1SXd5QROMRLMS/ljT5/3MCxtgrRie1Cvild0G/Z2f1fpWxzX78V0U4jjXBorBQ==",
      "dependencies": {
        "@codemirror/state": "^0.19.0"
      }
    },
    "node_modules/@codemirror/rectangular-selection": {
      "version": "0.19.2",
      "resolved": "https://registry.npmjs.org/@codemirror/rectangular-selection/-/rectangular-selection-0.19.2.tgz",
      "integrity": "sha512-AXK/p5eGwFJ9GJcLfntqN4dgY+XiIF7eHfXNQJX5HhQLSped2wJE6WuC1rMEaOlcpOqlb9mrNi/ZdUjSIj9mbA==",
      "dependencies": {
        "@codemirror/state": "^0.19.0",
        "@codemirror/text": "^0.19.4",
        "@codemirror/view": "^0.19.48"
      }
    },
    "node_modules/@codemirror/search": {
      "version": "0.19.10",
      "resolved": "https://registry.npmjs.org/@codemirror/search/-/search-0.19.10.tgz",
      "integrity": "sha512-qjubm69HJixPBWzI6HeEghTWOOD8NXiHOTRNvdizqs8xWRuFChq9zkjD3XiAJ7GXSTzCuQJnAP9DBBGCLq4ZIA==",
      "dependencies": {
        "@codemirror/panel": "^0.19.0",
        "@codemirror/rangeset": "^0.19.0",
        "@codemirror/state": "^0.19.3",
        "@codemirror/text": "^0.19.0",
        "@codemirror/view": "^0.19.34",
        "crelt": "^1.0.5"
      }
    },
    "node_modules/@codemirror/state": {
      "version": "0.19.9",
      "resolved": "https://registry.npmjs.org/@codemirror/state/-/state-0.19.9.tgz",
      "integrity": "sha512-psOzDolKTZkx4CgUqhBQ8T8gBc0xN5z4gzed109aF6x7D7umpDRoimacI/O6d9UGuyl4eYuDCZmDFr2Rq7aGOw==",
      "dependencies": {
        "@codemirror/text": "^0.19.0"
      }
    },
    "node_modules/@codemirror/stream-parser": {
      "version": "0.19.9",
      "resolved": "https://registry.npmjs.org/@codemirror/stream-parser/-/stream-parser-0.19.9.tgz",
      "integrity": "sha512-WTmkEFSRCetpk8xIOvV2yyXdZs3DgYckM0IP7eFi4ewlxWnJO/H4BeJZLs4wQaydWsAqTQoDyIwNH1BCzK5LUQ==",
      "dependencies": {
        "@codemirror/highlight": "^0.19.0",
        "@codemirror/language": "^0.19.0",
        "@codemirror/state": "^0.19.0",
        "@codemirror/text": "^0.19.0",
        "@lezer/common": "^0.15.0",
        "@lezer/lr": "^0.15.0"
      }
    },
    "node_modules/@codemirror/text": {
      "version": "0.19.6",
      "resolved": "https://registry.npmjs.org/@codemirror/text/-/text-0.19.6.tgz",
      "integrity": "sha512-T9jnREMIygx+TPC1bOuepz18maGq/92q2a+n4qTqObKwvNMg+8cMTslb8yxeEDEq7S3kpgGWxgO1UWbQRij0dA=="
    },
    "node_modules/@codemirror/tooltip": {
      "version": "0.19.16",
      "resolved": "https://registry.npmjs.org/@codemirror/tooltip/-/tooltip-0.19.16.tgz",
      "integrity": "sha512-zxKDHryUV5/RS45AQL+wOeN+i7/l81wK56OMnUPoTSzCWNITfxHn7BToDsjtrRKbzHqUxKYmBnn/4hPjpZ4WJQ==",
      "dependencies": {
        "@codemirror/state": "^0.19.0",
        "@codemirror/view": "^0.19.0"
      }
    },
    "node_modules/@codemirror/view": {
      "version": "0.19.48",
      "resolved": "https://registry.npmjs.org/@codemirror/view/-/view-0.19.48.tgz",
      "integrity": "sha512-0eg7D2Nz4S8/caetCTz61rK0tkHI17V/d15Jy0kLOT8dTLGGNJUponDnW28h2B6bERmPlVHKh8MJIr5OCp1nGw==",
      "dependencies": {
        "@codemirror/rangeset": "^0.19.5",
        "@codemirror/state": "^0.19.3",
        "@codemirror/text": "^0.19.0",
        "style-mod": "^4.0.0",
        "w3c-keyname": "^2.2.4"
      }
    },
    "node_modules/@lezer/common": {
      "version": "0.15.12",
      "resolved": "https://registry.npmjs.org/@lezer/common/-/common-0.15.12.tgz",
      "integrity": "sha512-edfwCxNLnzq5pBA/yaIhwJ3U3Kz8VAUOTRg0hhxaizaI1N+qxV7EXDv/kLCkLeq2RzSFvxexlaj5Mzfn2kY0Ig=="
    },
    "node_modules/@lezer/javascript": {
      "version": "0.15.3",
      "resolved": "https://registry.npmjs.org/@lezer/javascript/-/javascript-0.15.3.tgz",
      "integrity": "sha512-8jA2NpOfpWwSPZxRhd9BxK2ZPvGd7nLE3LFTJ5AbMhXAzMHeMjneV6GEVd7dAIee85dtap0jdb6bgOSO0+lfwA==",
      "dependencies": {
        "@lezer/lr": "^0.15.0"
      }
    },
    "node_modules/@lezer/lr": {
      "version": "0.15.8",
      "resolved": "https://registry.npmjs.org/@lezer/lr/-/lr-0.15.8.tgz",
      "integrity": "sha512-bM6oE6VQZ6hIFxDNKk8bKPa14hqFrV07J/vHGOeiAbJReIaQXmkVb6xQu4MR+JBTLa5arGRyAAjJe1qaQt3Uvg==",
      "dependencies": {
        "@lezer/common": "^0.15.0"
      }
    },
    "node_modules/crelt": {
      "version": "1.0.5",
      "resolved": "https://registry.npmjs.org/crelt/-/crelt-1.0.5.tgz",
      "integrity": "sha512-+BO9wPPi+DWTDcNYhr/W90myha8ptzftZT+LwcmUbbok0rcP/fequmFYCw8NMoH7pkAZQzU78b3kYrlua5a9eA=="
    },
    "node_modules/data-uri-to-buffer": {
      "version": "4.0.0",
      "resolved": "https://registry.npmjs.org/data-uri-to-buffer/-/data-uri-to-buffer-4.0.0.tgz",
      "integrity": "sha512-Vr3mLBA8qWmcuschSLAOogKgQ/Jwxulv3RNE4FXnYWRGujzrRWQI4m12fQqRkwX06C0KanhLr4hK+GydchZsaA==",
      "engines": {
        "node": ">= 12"
      }
    },
    "node_modules/diff": {
      "version": "5.0.0",
      "resolved": "https://registry.npmjs.org/diff/-/diff-5.0.0.tgz",
      "integrity": "sha512-/VTCrvm5Z0JGty/BWHljh+BAiw3IK+2j87NGMu8Nwc/f48WoDAC395uomO9ZD117ZOBaHmkX1oyLvkVM/aIT3w==",
      "engines": {
        "node": ">=0.3.1"
      }
    },
    "node_modules/fetch-blob": {
      "version": "3.1.5",
      "resolved": "https://registry.npmjs.org/fetch-blob/-/fetch-blob-3.1.5.tgz",
      "integrity": "sha512-N64ZpKqoLejlrwkIAnb9iLSA3Vx/kjgzpcDhygcqJ2KKjky8nCgUQ+dzXtbrLaWZGZNmNfQTsiQ0weZ1svglHg==",
      "funding": [
        {
          "type": "github",
          "url": "https://github.com/sponsors/jimmywarting"
        },
        {
          "type": "paypal",
          "url": "https://paypal.me/jimmywarting"
        }
      ],
      "dependencies": {
        "node-domexception": "^1.0.0",
        "web-streams-polyfill": "^3.0.3"
      },
      "engines": {
        "node": "^12.20 || >= 14.13"
      }
    },
    "node_modules/formdata-polyfill": {
      "version": "4.0.10",
      "resolved": "https://registry.npmjs.org/formdata-polyfill/-/formdata-polyfill-4.0.10.tgz",
      "integrity": "sha512-buewHzMvYL29jdeQTVILecSaZKnt/RJWjoZCF5OW60Z67/GmSLBkOFM7qh1PI3zFNtJbaZL5eQu1vLfazOwj4g==",
      "dependencies": {
        "fetch-blob": "^3.1.2"
      },
      "engines": {
        "node": ">=12.20.0"
      }
    },
    "node_modules/node-domexception": {
      "version": "1.0.0",
      "resolved": "https://registry.npmjs.org/node-domexception/-/node-domexception-1.0.0.tgz",
      "integrity": "sha512-/jKZoMpw0F8GRwl4/eLROPA3cfcXtLApP0QzLmUT/HuPCZWyB7IY9ZrMeKw2O/nFIqPQB3PVM9aYm0F312AXDQ==",
      "funding": [
        {
          "type": "github",
          "url": "https://github.com/sponsors/jimmywarting"
        },
        {
          "type": "github",
          "url": "https://paypal.me/jimmywarting"
        }
      ],
      "engines": {
        "node": ">=10.5.0"
      }
    },
    "node_modules/node-fetch": {
      "version": "3.2.4",
      "resolved": "https://registry.npmjs.org/node-fetch/-/node-fetch-3.2.4.tgz",
      "integrity": "sha512-WvYJRN7mMyOLurFR2YpysQGuwYrJN+qrrpHjJDuKMcSPdfFccRUla/kng2mz6HWSBxJcqPbvatS6Gb4RhOzCJw==",
      "dependencies": {
        "data-uri-to-buffer": "^4.0.0",
        "fetch-blob": "^3.1.4",
        "formdata-polyfill": "^4.0.10"
      },
      "engines": {
        "node": "^12.20.0 || ^14.13.1 || >=16.0.0"
      },
      "funding": {
        "type": "opencollective",
        "url": "https://opencollective.com/node-fetch"
      }
    },
    "node_modules/story-component": {
      "resolved": "../story-component",
      "link": true
    },
    "node_modules/style-mod": {
      "version": "4.0.0",
      "resolved": "https://registry.npmjs.org/style-mod/-/style-mod-4.0.0.tgz",
      "integrity": "sha512-OPhtyEjyyN9x3nhPsu76f52yUGXiZcgvsrFVtvTkyGRQJ0XK+GPc6ov1z+lRpbeabka+MYEQxOYRnt5nF30aMw=="
    },
    "node_modules/w3c-keyname": {
      "version": "2.2.4",
      "resolved": "https://registry.npmjs.org/w3c-keyname/-/w3c-keyname-2.2.4.tgz",
      "integrity": "sha512-tOhfEwEzFLJzf6d1ZPkYfGj+FWhIpBux9ppoP3rlclw3Z0BZv3N7b7030Z1kYth+6rDuAsXUFr+d0VE6Ed1ikw=="
    },
    "node_modules/web-streams-polyfill": {
      "version": "3.2.1",
      "resolved": "https://registry.npmjs.org/web-streams-polyfill/-/web-streams-polyfill-3.2.1.tgz",
      "integrity": "sha512-e0MO3wdXWKrLbL0DgGnUV7WHVuw9OUvL4hjgnPkIeEvESk74gAITi5G606JtZPp39cd8HA9VQzCIvA49LpPN5Q==",
      "engines": {
        "node": ">= 8"
      }
    }
  },
  "dependencies": {
    "@codemirror/autocomplete": {
      "version": "0.19.15",
      "resolved": "https://registry.npmjs.org/@codemirror/autocomplete/-/autocomplete-0.19.15.tgz",
      "integrity": "sha512-GQWzvvuXxNUyaEk+5gawbAD8s51/v2Chb++nx0e2eGWrphWk42isBtzOMdc3DxrxrZtPZ55q2ldNp+6G8KJLIQ==",
      "requires": {
        "@codemirror/language": "^0.19.0",
        "@codemirror/state": "^0.19.4",
        "@codemirror/text": "^0.19.2",
        "@codemirror/tooltip": "^0.19.12",
        "@codemirror/view": "^0.19.0",
        "@lezer/common": "^0.15.0"
      }
    },
    "@codemirror/basic-setup": {
      "version": "0.19.3",
      "resolved": "https://registry.npmjs.org/@codemirror/basic-setup/-/basic-setup-0.19.3.tgz",
      "integrity": "sha512-2hfO+QDk/HTpQzeYk1NyL1G9D5L7Sj78dtaQP8xBU42DKU9+OBPF5MdjLYnxP0jKzm6IfQfsLd89fnqW3rBVfQ==",
      "requires": {
        "@codemirror/autocomplete": "^0.19.0",
        "@codemirror/closebrackets": "^0.19.0",
        "@codemirror/commands": "^0.19.0",
        "@codemirror/comment": "^0.19.0",
        "@codemirror/fold": "^0.19.0",
        "@codemirror/gutter": "^0.19.0",
        "@codemirror/highlight": "^0.19.0",
        "@codemirror/history": "^0.19.0",
        "@codemirror/language": "^0.19.0",
        "@codemirror/lint": "^0.19.0",
        "@codemirror/matchbrackets": "^0.19.0",
        "@codemirror/rectangular-selection": "^0.19.2",
        "@codemirror/search": "^0.19.0",
        "@codemirror/state": "^0.19.0",
        "@codemirror/view": "^0.19.31"
      }
    },
    "@codemirror/closebrackets": {
      "version": "0.19.2",
      "resolved": "https://registry.npmjs.org/@codemirror/closebrackets/-/closebrackets-0.19.2.tgz",
      "integrity": "sha512-ClMPzPcPP0eQiDcVjtVPl6OLxgdtZSYDazsvT0AKl70V1OJva0eHgl4/6kCW3RZ0pb2n34i9nJz4eXCmK+TYDA==",
      "requires": {
        "@codemirror/language": "^0.19.0",
        "@codemirror/rangeset": "^0.19.0",
        "@codemirror/state": "^0.19.2",
        "@codemirror/text": "^0.19.0",
        "@codemirror/view": "^0.19.44"
      }
    },
    "@codemirror/commands": {
      "version": "0.19.8",
      "resolved": "https://registry.npmjs.org/@codemirror/commands/-/commands-0.19.8.tgz",
      "integrity": "sha512-65LIMSGUGGpY3oH6mzV46YWRrgao6NmfJ+AuC7jNz3K5NPnH6GCV1H5I6SwOFyVbkiygGyd0EFwrWqywTBD1aw==",
      "requires": {
        "@codemirror/language": "^0.19.0",
        "@codemirror/matchbrackets": "^0.19.0",
        "@codemirror/state": "^0.19.2",
        "@codemirror/text": "^0.19.6",
        "@codemirror/view": "^0.19.22",
        "@lezer/common": "^0.15.0"
      }
    },
    "@codemirror/comment": {
      "version": "0.19.1",
      "resolved": "https://registry.npmjs.org/@codemirror/comment/-/comment-0.19.1.tgz",
      "integrity": "sha512-uGKteBuVWAC6fW+Yt8u27DOnXMT/xV4Ekk2Z5mRsiADCZDqYvryrJd6PLL5+8t64BVyocwQwNfz1UswYS2CtFQ==",
      "requires": {
        "@codemirror/state": "^0.19.9",
        "@codemirror/text": "^0.19.0",
        "@codemirror/view": "^0.19.0"
      }
    },
    "@codemirror/fold": {
      "version": "0.19.4",
      "resolved": "https://registry.npmjs.org/@codemirror/fold/-/fold-0.19.4.tgz",
      "integrity": "sha512-0SNSkRSOa6gymD6GauHa3sxiysjPhUC0SRVyTlvL52o0gz9GHdc8kNqNQskm3fBtGGOiSriGwF/kAsajRiGhVw==",
      "requires": {
        "@codemirror/gutter": "^0.19.0",
        "@codemirror/language": "^0.19.0",
        "@codemirror/rangeset": "^0.19.0",
        "@codemirror/state": "^0.19.0",
        "@codemirror/view": "^0.19.22"
      }
    },
    "@codemirror/gutter": {
      "version": "0.19.9",
      "resolved": "https://registry.npmjs.org/@codemirror/gutter/-/gutter-0.19.9.tgz",
      "integrity": "sha512-PFrtmilahin1g6uL27aG5tM/rqR9DZzZYZsIrCXA5Uc2OFTFqx4owuhoU9hqfYxHp5ovfvBwQ+txFzqS4vog6Q==",
      "requires": {
        "@codemirror/rangeset": "^0.19.0",
        "@codemirror/state": "^0.19.0",
        "@codemirror/view": "^0.19.23"
      }
    },
    "@codemirror/highlight": {
      "version": "0.19.8",
      "resolved": "https://registry.npmjs.org/@codemirror/highlight/-/highlight-0.19.8.tgz",
      "integrity": "sha512-v/lzuHjrYR8MN2mEJcUD6fHSTXXli9C1XGYpr+ElV6fLBIUhMTNKR3qThp611xuWfXfwDxeL7ppcbkM/MzPV3A==",
      "requires": {
        "@codemirror/language": "^0.19.0",
        "@codemirror/rangeset": "^0.19.0",
        "@codemirror/state": "^0.19.3",
        "@codemirror/view": "^0.19.39",
        "@lezer/common": "^0.15.0",
        "style-mod": "^4.0.0"
      }
    },
    "@codemirror/history": {
      "version": "0.19.2",
      "resolved": "https://registry.npmjs.org/@codemirror/history/-/history-0.19.2.tgz",
      "integrity": "sha512-unhP4t3N2smzmHoo/Yio6ueWi+il8gm9VKrvi6wlcdGH5fOfVDNkmjHQ495SiR+EdOG35+3iNebSPYww0vN7ow==",
      "requires": {
        "@codemirror/state": "^0.19.2",
        "@codemirror/view": "^0.19.0"
      }
    },
    "@codemirror/lang-javascript": {
      "version": "0.19.7",
      "resolved": "https://registry.npmjs.org/@codemirror/lang-javascript/-/lang-javascript-0.19.7.tgz",
      "integrity": "sha512-DL9f3JLqOEHH9cIwEqqjnP5bkjdVXeECksLtV+/MbPm+l4H+AG+PkwZaJQ2oR1GfPZKh8MVSIE94aGWNkJP8WQ==",
      "requires": {
        "@codemirror/autocomplete": "^0.19.0",
        "@codemirror/highlight": "^0.19.7",
        "@codemirror/language": "^0.19.0",
        "@codemirror/lint": "^0.19.0",
        "@codemirror/state": "^0.19.0",
        "@codemirror/view": "^0.19.0",
        "@lezer/javascript": "^0.15.1"
      }
    },
    "@codemirror/language": {
      "version": "0.19.10",
      "resolved": "https://registry.npmjs.org/@codemirror/language/-/language-0.19.10.tgz",
      "integrity": "sha512-yA0DZ3RYn2CqAAGW62VrU8c4YxscMQn45y/I9sjBlqB1e2OTQLg4CCkMBuMSLXk4xaqjlsgazeOQWaJQOKfV8Q==",
      "requires": {
        "@codemirror/state": "^0.19.0",
        "@codemirror/text": "^0.19.0",
        "@codemirror/view": "^0.19.0",
        "@lezer/common": "^0.15.5",
        "@lezer/lr": "^0.15.0"
      }
    },
    "@codemirror/lint": {
      "version": "0.19.6",
      "resolved": "https://registry.npmjs.org/@codemirror/lint/-/lint-0.19.6.tgz",
      "integrity": "sha512-Pbw1Y5kHVs2J+itQ0uez3dI4qY9ApYVap7eNfV81x1/3/BXgBkKfadaw0gqJ4h4FDG7OnJwb0VbPsjJQllHjaA==",
      "requires": {
        "@codemirror/gutter": "^0.19.4",
        "@codemirror/panel": "^0.19.0",
        "@codemirror/rangeset": "^0.19.1",
        "@codemirror/state": "^0.19.4",
        "@codemirror/tooltip": "^0.19.16",
        "@codemirror/view": "^0.19.22",
        "crelt": "^1.0.5"
      }
    },
    "@codemirror/matchbrackets": {
      "version": "0.19.4",
      "resolved": "https://registry.npmjs.org/@codemirror/matchbrackets/-/matchbrackets-0.19.4.tgz",
      "integrity": "sha512-VFkaOKPNudAA5sGP1zikRHCEKU0hjYmkKpr04pybUpQvfTvNJXlReCyP0rvH/1iEwAGPL990ZTT+QrLdu4MeEA==",
      "requires": {
        "@codemirror/language": "^0.19.0",
        "@codemirror/state": "^0.19.0",
        "@codemirror/view": "^0.19.0",
        "@lezer/common": "^0.15.0"
      }
    },
    "@codemirror/panel": {
      "version": "0.19.1",
      "resolved": "https://registry.npmjs.org/@codemirror/panel/-/panel-0.19.1.tgz",
      "integrity": "sha512-sYeOCMA3KRYxZYJYn5PNlt9yNsjy3zTNTrbYSfVgjgL9QomIVgOJWPO5hZ2sTN8lufO6lw0vTBsIPL9MSidmBg==",
      "requires": {
        "@codemirror/state": "^0.19.0",
        "@codemirror/view": "^0.19.0"
      }
    },
    "@codemirror/rangeset": {
      "version": "0.19.9",
      "resolved": "https://registry.npmjs.org/@codemirror/rangeset/-/rangeset-0.19.9.tgz",
      "integrity": "sha512-V8YUuOvK+ew87Xem+71nKcqu1SXd5QROMRLMS/ljT5/3MCxtgrRie1Cvild0G/Z2f1fpWxzX78V0U4jjXBorBQ==",
      "requires": {
        "@codemirror/state": "^0.19.0"
      }
    },
    "@codemirror/rectangular-selection": {
      "version": "0.19.2",
      "resolved": "https://registry.npmjs.org/@codemirror/rectangular-selection/-/rectangular-selection-0.19.2.tgz",
      "integrity": "sha512-AXK/p5eGwFJ9GJcLfntqN4dgY+XiIF7eHfXNQJX5HhQLSped2wJE6WuC1rMEaOlcpOqlb9mrNi/ZdUjSIj9mbA==",
      "requires": {
        "@codemirror/state": "^0.19.0",
        "@codemirror/text": "^0.19.4",
        "@codemirror/view": "^0.19.48"
      }
    },
    "@codemirror/search": {
      "version": "0.19.10",
      "resolved": "https://registry.npmjs.org/@codemirror/search/-/search-0.19.10.tgz",
      "integrity": "sha512-qjubm69HJixPBWzI6HeEghTWOOD8NXiHOTRNvdizqs8xWRuFChq9zkjD3XiAJ7GXSTzCuQJnAP9DBBGCLq4ZIA==",
      "requires": {
        "@codemirror/panel": "^0.19.0",
        "@codemirror/rangeset": "^0.19.0",
        "@codemirror/state": "^0.19.3",
        "@codemirror/text": "^0.19.0",
        "@codemirror/view": "^0.19.34",
        "crelt": "^1.0.5"
      }
    },
    "@codemirror/state": {
      "version": "0.19.9",
      "resolved": "https://registry.npmjs.org/@codemirror/state/-/state-0.19.9.tgz",
      "integrity": "sha512-psOzDolKTZkx4CgUqhBQ8T8gBc0xN5z4gzed109aF6x7D7umpDRoimacI/O6d9UGuyl4eYuDCZmDFr2Rq7aGOw==",
      "requires": {
        "@codemirror/text": "^0.19.0"
      }
    },
    "@codemirror/stream-parser": {
      "version": "0.19.9",
      "resolved": "https://registry.npmjs.org/@codemirror/stream-parser/-/stream-parser-0.19.9.tgz",
      "integrity": "sha512-WTmkEFSRCetpk8xIOvV2yyXdZs3DgYckM0IP7eFi4ewlxWnJO/H4BeJZLs4wQaydWsAqTQoDyIwNH1BCzK5LUQ==",
      "requires": {
        "@codemirror/highlight": "^0.19.0",
        "@codemirror/language": "^0.19.0",
        "@codemirror/state": "^0.19.0",
        "@codemirror/text": "^0.19.0",
        "@lezer/common": "^0.15.0",
        "@lezer/lr": "^0.15.0"
      }
    },
    "@codemirror/text": {
      "version": "0.19.6",
      "resolved": "https://registry.npmjs.org/@codemirror/text/-/text-0.19.6.tgz",
      "integrity": "sha512-T9jnREMIygx+TPC1bOuepz18maGq/92q2a+n4qTqObKwvNMg+8cMTslb8yxeEDEq7S3kpgGWxgO1UWbQRij0dA=="
    },
    "@codemirror/tooltip": {
      "version": "0.19.16",
      "resolved": "https://registry.npmjs.org/@codemirror/tooltip/-/tooltip-0.19.16.tgz",
      "integrity": "sha512-zxKDHryUV5/RS45AQL+wOeN+i7/l81wK56OMnUPoTSzCWNITfxHn7BToDsjtrRKbzHqUxKYmBnn/4hPjpZ4WJQ==",
      "requires": {
        "@codemirror/state": "^0.19.0",
        "@codemirror/view": "^0.19.0"
      }
    },
    "@codemirror/view": {
      "version": "0.19.48",
      "resolved": "https://registry.npmjs.org/@codemirror/view/-/view-0.19.48.tgz",
      "integrity": "sha512-0eg7D2Nz4S8/caetCTz61rK0tkHI17V/d15Jy0kLOT8dTLGGNJUponDnW28h2B6bERmPlVHKh8MJIr5OCp1nGw==",
      "requires": {
        "@codemirror/rangeset": "^0.19.5",
        "@codemirror/state": "^0.19.3",
        "@codemirror/text": "^0.19.0",
        "style-mod": "^4.0.0",
        "w3c-keyname": "^2.2.4"
      }
    },
    "@lezer/common": {
      "version": "0.15.12",
      "resolved": "https://registry.npmjs.org/@lezer/common/-/common-0.15.12.tgz",
      "integrity": "sha512-edfwCxNLnzq5pBA/yaIhwJ3U3Kz8VAUOTRg0hhxaizaI1N+qxV7EXDv/kLCkLeq2RzSFvxexlaj5Mzfn2kY0Ig=="
    },
    "@lezer/javascript": {
      "version": "0.15.3",
      "resolved": "https://registry.npmjs.org/@lezer/javascript/-/javascript-0.15.3.tgz",
      "integrity": "sha512-8jA2NpOfpWwSPZxRhd9BxK2ZPvGd7nLE3LFTJ5AbMhXAzMHeMjneV6GEVd7dAIee85dtap0jdb6bgOSO0+lfwA==",
      "requires": {
        "@lezer/lr": "^0.15.0"
      }
    },
    "@lezer/lr": {
      "version": "0.15.8",
      "resolved": "https://registry.npmjs.org/@lezer/lr/-/lr-0.15.8.tgz",
      "integrity": "sha512-bM6oE6VQZ6hIFxDNKk8bKPa14hqFrV07J/vHGOeiAbJReIaQXmkVb6xQu4MR+JBTLa5arGRyAAjJe1qaQt3Uvg==",
      "requires": {
        "@lezer/common": "^0.15.0"
      }
    },
    "crelt": {
      "version": "1.0.5",
      "resolved": "https://registry.npmjs.org/crelt/-/crelt-1.0.5.tgz",
      "integrity": "sha512-+BO9wPPi+DWTDcNYhr/W90myha8ptzftZT+LwcmUbbok0rcP/fequmFYCw8NMoH7pkAZQzU78b3kYrlua5a9eA=="
    },
    "data-uri-to-buffer": {
      "version": "4.0.0",
      "resolved": "https://registry.npmjs.org/data-uri-to-buffer/-/data-uri-to-buffer-4.0.0.tgz",
      "integrity": "sha512-Vr3mLBA8qWmcuschSLAOogKgQ/Jwxulv3RNE4FXnYWRGujzrRWQI4m12fQqRkwX06C0KanhLr4hK+GydchZsaA=="
    },
    "diff": {
      "version": "5.0.0",
      "resolved": "https://registry.npmjs.org/diff/-/diff-5.0.0.tgz",
      "integrity": "sha512-/VTCrvm5Z0JGty/BWHljh+BAiw3IK+2j87NGMu8Nwc/f48WoDAC395uomO9ZD117ZOBaHmkX1oyLvkVM/aIT3w=="
    },
    "fetch-blob": {
      "version": "3.1.5",
      "resolved": "https://registry.npmjs.org/fetch-blob/-/fetch-blob-3.1.5.tgz",
      "integrity": "sha512-N64ZpKqoLejlrwkIAnb9iLSA3Vx/kjgzpcDhygcqJ2KKjky8nCgUQ+dzXtbrLaWZGZNmNfQTsiQ0weZ1svglHg==",
      "requires": {
        "node-domexception": "^1.0.0",
        "web-streams-polyfill": "^3.0.3"
      }
    },
    "formdata-polyfill": {
      "version": "4.0.10",
      "resolved": "https://registry.npmjs.org/formdata-polyfill/-/formdata-polyfill-4.0.10.tgz",
      "integrity": "sha512-buewHzMvYL29jdeQTVILecSaZKnt/RJWjoZCF5OW60Z67/GmSLBkOFM7qh1PI3zFNtJbaZL5eQu1vLfazOwj4g==",
      "requires": {
        "fetch-blob": "^3.1.2"
      }
    },
    "node-domexception": {
      "version": "1.0.0",
      "resolved": "https://registry.npmjs.org/node-domexception/-/node-domexception-1.0.0.tgz",
      "integrity": "sha512-/jKZoMpw0F8GRwl4/eLROPA3cfcXtLApP0QzLmUT/HuPCZWyB7IY9ZrMeKw2O/nFIqPQB3PVM9aYm0F312AXDQ=="
    },
    "node-fetch": {
      "version": "3.2.4",
      "resolved": "https://registry.npmjs.org/node-fetch/-/node-fetch-3.2.4.tgz",
      "integrity": "sha512-WvYJRN7mMyOLurFR2YpysQGuwYrJN+qrrpHjJDuKMcSPdfFccRUla/kng2mz6HWSBxJcqPbvatS6Gb4RhOzCJw==",
      "requires": {
        "data-uri-to-buffer": "^4.0.0",
        "fetch-blob": "^3.1.4",
        "formdata-polyfill": "^4.0.10"
      }
    },
    "story-component": {
      "version": "file:../story-component"
    },
    "style-mod": {
      "version": "4.0.0",
      "resolved": "https://registry.npmjs.org/style-mod/-/style-mod-4.0.0.tgz",
      "integrity": "sha512-OPhtyEjyyN9x3nhPsu76f52yUGXiZcgvsrFVtvTkyGRQJ0XK+GPc6ov1z+lRpbeabka+MYEQxOYRnt5nF30aMw=="
    },
    "w3c-keyname": {
      "version": "2.2.4",
      "resolved": "https://registry.npmjs.org/w3c-keyname/-/w3c-keyname-2.2.4.tgz",
      "integrity": "sha512-tOhfEwEzFLJzf6d1ZPkYfGj+FWhIpBux9ppoP3rlclw3Z0BZv3N7b7030Z1kYth+6rDuAsXUFr+d0VE6Ed1ikw=="
    },
    "web-streams-polyfill": {
      "version": "3.2.1",
      "resolved": "https://registry.npmjs.org/web-streams-polyfill/-/web-streams-polyfill-3.2.1.tgz",
      "integrity": "sha512-e0MO3wdXWKrLbL0DgGnUV7WHVuw9OUvL4hjgnPkIeEvESk74gAITi5G606JtZPp39cd8HA9VQzCIvA49LpPN5Q=="
    }
  }
}
