{
  "name": "stories-app",
  "version": "0.1.0",
  "lockfileVersion": 2,
  "requires": true,
  "packages": {
    "": {
      "name": "stories-app",
      "version": "0.1.0",
      "dependencies": {
        "story-component": "file:../story-component"
      }
    },
    "../story-component": {
      "version": "0.1.0"
    },
    "node_modules/story-component": {
      "resolved": "../story-component",
      "link": true
    }
  },
  "dependencies": {
    "story-component": {
      "version": "file:../story-component"
    }
  }
}
