{
  "name": "stories-app",
  "version": "0.1.0",
  "lockfileVersion": 2,
  "requires": true,
  "packages": {
    "": {
      "name": "stories-app",
      "version": "0.1.0",
      "dependencies": {
        "story-component": "file:../story-component"
      }
    },
    "../story-component": {
      "version": "0.1.0",
      "dependencies": {
        "@codemirror/state": "^0.20.0"
      },
      "devDependencies": {
        "@babel/cli": "^7.17.10",
        "@babel/core": "^7.17.10",
        "@babel/preset-env": "^7.17.10"
      }
    },
    "node_modules/story-component": {
      "resolved": "../story-component",
      "link": true
    }
  },
  "dependencies": {
    "story-component": {
      "version": "file:../story-component",
      "requires": {
        "@babel/cli": "^7.17.10",
        "@babel/core": "^7.17.10",
        "@babel/preset-env": "^7.17.10",
        "@codemirror/state": "^0.20.0"
      }
    }
  }
}
